// !$*UTF8*$!
{
	archiveVersion = 1;
	classes = {
	};
	objectVersion = 56;
	objects = {

/* Begin PBXBuildFile section */
		EF1930012917656000775B68 /* FeedPresenterTests.swift in Sources */ = {isa = PBXBuildFile; fileRef = EF1930002917656000775B68 /* FeedPresenterTests.swift */; };
		EF19300C29178B7E00775B68 /* FeedPresenter.swift in Sources */ = {isa = PBXBuildFile; fileRef = EF19300B29178B7E00775B68 /* FeedPresenter.swift */; };
		EF19300F29178C9D00775B68 /* Feed.strings in Resources */ = {isa = PBXBuildFile; fileRef = EF19301129178C9D00775B68 /* Feed.strings */; };
		EF19301529178D9A00775B68 /* FeedViewModel.swift in Sources */ = {isa = PBXBuildFile; fileRef = EF19301429178D9A00775B68 /* FeedViewModel.swift */; };
		EF19301729178DDD00775B68 /* FeedLoadingViewModel.swift in Sources */ = {isa = PBXBuildFile; fileRef = EF19301629178DDD00775B68 /* FeedLoadingViewModel.swift */; };
		EF19301929178E0B00775B68 /* FeedErrorViewModel.swift in Sources */ = {isa = PBXBuildFile; fileRef = EF19301829178E0B00775B68 /* FeedErrorViewModel.swift */; };
		EF19301A291791C700775B68 /* FeedLocalizationTests.swift in Sources */ = {isa = PBXBuildFile; fileRef = EF3F93BF2913EB0D00C9512C /* FeedLocalizationTests.swift */; };
		EF19301C291792AA00775B68 /* FeedImagePresenterTests.swift in Sources */ = {isa = PBXBuildFile; fileRef = EF19301B291792AA00775B68 /* FeedImagePresenterTests.swift */; };
		EF19301E29179FE400775B68 /* FeedImagePresenter.swift in Sources */ = {isa = PBXBuildFile; fileRef = EF19301D29179FE400775B68 /* FeedImagePresenter.swift */; };
		EF1930202917A0A800775B68 /* FeedImageViewModel.swift in Sources */ = {isa = PBXBuildFile; fileRef = EF19301F2917A0A800775B68 /* FeedImageViewModel.swift */; };
		EF1940E12926393A00610AE0 /* FeedCache.swift in Sources */ = {isa = PBXBuildFile; fileRef = EF1940E02926393A00610AE0 /* FeedCache.swift */; };
		EF1D2E0D2908E85E000FC0C8 /* EssentialFeediOS.framework in Frameworks */ = {isa = PBXBuildFile; fileRef = EF1D2E052908E85D000FC0C8 /* EssentialFeediOS.framework */; };
		EF25553128F6E295007790FF /* URLSessionHTTPClient.swift in Sources */ = {isa = PBXBuildFile; fileRef = EF25553028F6E295007790FF /* URLSessionHTTPClient.swift */; };
		EF3F93A7291388E400C9512C /* Feed.storyboard in Resources */ = {isa = PBXBuildFile; fileRef = EF3F93A6291388E400C9512C /* Feed.storyboard */; };
		EF3F93A929138A5100C9512C /* Feed.xcassets in Resources */ = {isa = PBXBuildFile; fileRef = EF3F93A829138A5100C9512C /* Feed.xcassets */; };
		EF3F93AB2913A51900C9512C /* UITableView+Dequeueing.swift in Sources */ = {isa = PBXBuildFile; fileRef = EF3F93AA2913A51900C9512C /* UITableView+Dequeueing.swift */; };
		EF3F93AD2913A8FD00C9512C /* UIImageView+Animations.swift in Sources */ = {isa = PBXBuildFile; fileRef = EF3F93AC2913A8FD00C9512C /* UIImageView+Animations.swift */; };
		EF4290722910FD6F00DCA7B3 /* FeedImageCell.swift in Sources */ = {isa = PBXBuildFile; fileRef = EF42906E2910FD6F00DCA7B3 /* FeedImageCell.swift */; };
		EF4290732910FD6F00DCA7B3 /* UIView+Shimmering.swift in Sources */ = {isa = PBXBuildFile; fileRef = EF42906F2910FD6F00DCA7B3 /* UIView+Shimmering.swift */; };
		EF4290742910FD6F00DCA7B3 /* FeedViewController.swift in Sources */ = {isa = PBXBuildFile; fileRef = EF4290712910FD6F00DCA7B3 /* FeedViewController.swift */; };
		EF42907B29110BE800DCA7B3 /* FeedImageCellController.swift in Sources */ = {isa = PBXBuildFile; fileRef = EF42907A29110BE800DCA7B3 /* FeedImageCellController.swift */; };
		EF58D34C28F03C97002AFD4B /* EssentialFeed.framework in Frameworks */ = {isa = PBXBuildFile; fileRef = EF58D34328F03C97002AFD4B /* EssentialFeed.framework */; };
		EF58D35128F03C97002AFD4B /* LoadFeedFromRemoteUseCaseTests.swift in Sources */ = {isa = PBXBuildFile; fileRef = EF58D35028F03C97002AFD4B /* LoadFeedFromRemoteUseCaseTests.swift */; };
		EF58D35228F03C97002AFD4B /* EssentialFeed.h in Headers */ = {isa = PBXBuildFile; fileRef = EF58D34628F03C97002AFD4B /* EssentialFeed.h */; settings = {ATTRIBUTES = (Public, ); }; };
		EF58D35C28F03CAD002AFD4B /* FeedImage.swift in Sources */ = {isa = PBXBuildFile; fileRef = EF58D35B28F03CAD002AFD4B /* FeedImage.swift */; };
		EF58D35E28F03EEB002AFD4B /* FeedLoader.swift in Sources */ = {isa = PBXBuildFile; fileRef = EF58D35D28F03EEB002AFD4B /* FeedLoader.swift */; };
		EF6A862128FE0D0700057546 /* LoadFeedFromCacheUseCaseTests.swift in Sources */ = {isa = PBXBuildFile; fileRef = EF6A862028FE0D0700057546 /* LoadFeedFromCacheUseCaseTests.swift */; };
		EF6A862428FE110600057546 /* FeedStoreSpy.swift in Sources */ = {isa = PBXBuildFile; fileRef = EF6A862328FE110600057546 /* FeedStoreSpy.swift */; };
		EF6A862628FEB3AE00057546 /* ValidateFeedCacheUseCaseTests.swift in Sources */ = {isa = PBXBuildFile; fileRef = EF6A862528FEB3AE00057546 /* ValidateFeedCacheUseCaseTests.swift */; };
		EF6A862828FEBDD800057546 /* FeedCacheTestHelpers.swift in Sources */ = {isa = PBXBuildFile; fileRef = EF6A862728FEBDD800057546 /* FeedCacheTestHelpers.swift */; };
		EF6A862A28FEBEB100057546 /* SharedTestHelpers.swift in Sources */ = {isa = PBXBuildFile; fileRef = EF6A862928FEBEB100057546 /* SharedTestHelpers.swift */; };
		EF7264FD291C5FC30002D252 /* HTTPClientSpy.swift in Sources */ = {isa = PBXBuildFile; fileRef = EF7264FC291C5FC20002D252 /* HTTPClientSpy.swift */; };
		EF7264FF291C60E90002D252 /* RemoteFeedImageDataLoader.swift in Sources */ = {isa = PBXBuildFile; fileRef = EF7264FE291C60E90002D252 /* RemoteFeedImageDataLoader.swift */; };
		EF726502291C685F0002D252 /* HTTPURLResponse+StatusCode.swift in Sources */ = {isa = PBXBuildFile; fileRef = EF726501291C685F0002D252 /* HTTPURLResponse+StatusCode.swift */; };
		EF726504291C69BA0002D252 /* URLProtocolStub.swift in Sources */ = {isa = PBXBuildFile; fileRef = EF726503291C69BA0002D252 /* URLProtocolStub.swift */; };
		EF726506291C82A30002D252 /* LoadFeedImageDataFromCacheUseCaseTests.swift in Sources */ = {isa = PBXBuildFile; fileRef = EF726505291C82A30002D252 /* LoadFeedImageDataFromCacheUseCaseTests.swift */; };
		EF726508291CAFB60002D252 /* LocalFeedImageDataLoader.swift in Sources */ = {isa = PBXBuildFile; fileRef = EF726507291CAFB60002D252 /* LocalFeedImageDataLoader.swift */; };
		EF72650A291CB0110002D252 /* FeedImageDataStore.swift in Sources */ = {isa = PBXBuildFile; fileRef = EF726509291CB0110002D252 /* FeedImageDataStore.swift */; };
		EF72650C291CC27B0002D252 /* FeedImageDataStoreSpy.swift in Sources */ = {isa = PBXBuildFile; fileRef = EF72650B291CC27B0002D252 /* FeedImageDataStoreSpy.swift */; };
		EF72650E291CC4940002D252 /* CacheFeedImageDataUseCaseTests.swift in Sources */ = {isa = PBXBuildFile; fileRef = EF72650D291CC4940002D252 /* CacheFeedImageDataUseCaseTests.swift */; };
		EF726510291CDBB80002D252 /* CoreDataFeedImageDataStoreTests.swift in Sources */ = {isa = PBXBuildFile; fileRef = EF72650F291CDBB80002D252 /* CoreDataFeedImageDataStoreTests.swift */; };
		EF726515291D12B50002D252 /* CoreDataFeedStore+FeedImageDataLoader.swift in Sources */ = {isa = PBXBuildFile; fileRef = EF726514291D12B50002D252 /* CoreDataFeedStore+FeedImageDataLoader.swift */; };
		EF726517291D17BB0002D252 /* CoreDataFeedStore+FeedStore.swift in Sources */ = {isa = PBXBuildFile; fileRef = EF726516291D17BB0002D252 /* CoreDataFeedStore+FeedStore.swift */; };
		EF7ABC1D28F5BA22004EC0D9 /* XCTestCase+MemoryLeakTracking.swift in Sources */ = {isa = PBXBuildFile; fileRef = EF7ABC1C28F5BA22004EC0D9 /* XCTestCase+MemoryLeakTracking.swift */; };
		EF81F0F2291BA25000DBFA32 /* FeedImageDataLoader.swift in Sources */ = {isa = PBXBuildFile; fileRef = EF4290762910FDD700DCA7B3 /* FeedImageDataLoader.swift */; };
		EF81F0F4291BA40A00DBFA32 /* LoadFeedImageDataFromRemoteUseCaseTests.swift in Sources */ = {isa = PBXBuildFile; fileRef = EF81F0F3291BA40A00DBFA32 /* LoadFeedImageDataFromRemoteUseCaseTests.swift */; };
		EF8EF9D228F4CE2C0082DF3B /* URLSessionHTTPClientTests.swift in Sources */ = {isa = PBXBuildFile; fileRef = EF8EF9D128F4CE2C0082DF3B /* URLSessionHTTPClientTests.swift */; };
		EFB8012928F76F620057C60E /* EssentialFeedEndToEndTests.swift in Sources */ = {isa = PBXBuildFile; fileRef = EFB8012828F76F620057C60E /* EssentialFeedEndToEndTests.swift */; };
		EFB8012A28F76F620057C60E /* EssentialFeed.framework in Frameworks */ = {isa = PBXBuildFile; fileRef = EF58D34328F03C97002AFD4B /* EssentialFeed.framework */; };
		EFB8013028F77FA10057C60E /* XCTestCase+MemoryLeakTracking.swift in Sources */ = {isa = PBXBuildFile; fileRef = EF7ABC1C28F5BA22004EC0D9 /* XCTestCase+MemoryLeakTracking.swift */; };
		EFB8A7942901FDA40079F430 /* CoreDataFeedStoreTests.swift in Sources */ = {isa = PBXBuildFile; fileRef = EFB8A7932901FDA40079F430 /* CoreDataFeedStoreTests.swift */; };
		EFB8A7962901FF990079F430 /* CoreDataFeedStore.swift in Sources */ = {isa = PBXBuildFile; fileRef = EFB8A7952901FF990079F430 /* CoreDataFeedStore.swift */; };
		EFB8A799290203AB0079F430 /* FeedStore.xcdatamodeld in Sources */ = {isa = PBXBuildFile; fileRef = EFB8A797290203AB0079F430 /* FeedStore.xcdatamodeld */; };
		EFB8A79E290255AE0079F430 /* CoreDataHelpers.swift in Sources */ = {isa = PBXBuildFile; fileRef = EFB8A79D290255AE0079F430 /* CoreDataHelpers.swift */; };
		EFB8A7A02902568B0079F430 /* ManagedCache.swift in Sources */ = {isa = PBXBuildFile; fileRef = EFB8A79F2902568B0079F430 /* ManagedCache.swift */; };
		EFB8A7A2290256C60079F430 /* ManagedFeedImage.swift in Sources */ = {isa = PBXBuildFile; fileRef = EFB8A7A1290256C60079F430 /* ManagedFeedImage.swift */; };
		EFB8A7AA29025C610079F430 /* EssentialFeedCacheIntegrationTests.swift in Sources */ = {isa = PBXBuildFile; fileRef = EFB8A7A929025C610079F430 /* EssentialFeedCacheIntegrationTests.swift */; };
		EFB8A7AB29025C610079F430 /* EssentialFeed.framework in Frameworks */ = {isa = PBXBuildFile; fileRef = EF58D34328F03C97002AFD4B /* EssentialFeed.framework */; };
		EFB8A7B129025EB80079F430 /* XCTestCase+MemoryLeakTracking.swift in Sources */ = {isa = PBXBuildFile; fileRef = EF7ABC1C28F5BA22004EC0D9 /* XCTestCase+MemoryLeakTracking.swift */; };
		EFB8A7B2290260750079F430 /* FeedCacheTestHelpers.swift in Sources */ = {isa = PBXBuildFile; fileRef = EF6A862728FEBDD800057546 /* FeedCacheTestHelpers.swift */; };
		EFB8A7B3290260860079F430 /* SharedTestHelpers.swift in Sources */ = {isa = PBXBuildFile; fileRef = EF6A862928FEBEB100057546 /* SharedTestHelpers.swift */; };
		EFD268B2290A3EBD007E09B3 /* EssentialFeed.framework in Frameworks */ = {isa = PBXBuildFile; fileRef = EF58D34328F03C97002AFD4B /* EssentialFeed.framework */; platformFilter = ios; };
		EFD268B3290A3EBD007E09B3 /* EssentialFeed.framework in Embed Frameworks */ = {isa = PBXBuildFile; fileRef = EF58D34328F03C97002AFD4B /* EssentialFeed.framework */; platformFilter = ios; settings = {ATTRIBUTES = (CodeSignOnCopy, RemoveHeadersOnCopy, ); }; };
		EFD268B7290A422D007E09B3 /* XCTestCase+MemoryLeakTracking.swift in Sources */ = {isa = PBXBuildFile; fileRef = EF7ABC1C28F5BA22004EC0D9 /* XCTestCase+MemoryLeakTracking.swift */; };
		EFD802D628F41FDC00B9784D /* HTTPClient.swift in Sources */ = {isa = PBXBuildFile; fileRef = EFD802D528F41FDC00B9784D /* HTTPClient.swift */; };
		EFD802D828F4206600B9784D /* FeedItemsMapper.swift in Sources */ = {isa = PBXBuildFile; fileRef = EFD802D728F4206600B9784D /* FeedItemsMapper.swift */; };
		EFE358D129017541005034CC /* FeedStoreSpecs.swift in Sources */ = {isa = PBXBuildFile; fileRef = EFE358D029017541005034CC /* FeedStoreSpecs.swift */; };
		EFE358D3290176AB005034CC /* XCTestCase+FeedStoreSpecs.swift in Sources */ = {isa = PBXBuildFile; fileRef = EFE358D2290176AB005034CC /* XCTestCase+FeedStoreSpecs.swift */; };
		EFE358D5290188CD005034CC /* XCTestCase+FailableRetrieveFeedStoreSpecs.swift in Sources */ = {isa = PBXBuildFile; fileRef = EFE358D4290188CD005034CC /* XCTestCase+FailableRetrieveFeedStoreSpecs.swift */; };
		EFE358D7290189CD005034CC /* XCTestCase+FailableInsertFeedStoreSpecs.swift in Sources */ = {isa = PBXBuildFile; fileRef = EFE358D6290189CD005034CC /* XCTestCase+FailableInsertFeedStoreSpecs.swift */; };
		EFE358D929018B22005034CC /* XCTestCase+FailableDeleteFeedStoreSpecs.swift in Sources */ = {isa = PBXBuildFile; fileRef = EFE358D829018B22005034CC /* XCTestCase+FailableDeleteFeedStoreSpecs.swift */; };
		EFE37CD928F26B4100C04C83 /* RemoteFeedLoader.swift in Sources */ = {isa = PBXBuildFile; fileRef = EFE37CD828F26B4100C04C83 /* RemoteFeedLoader.swift */; };
		EFEA5B5428FCB06A006C1F84 /* CacheFeedUseCaseTests.swift in Sources */ = {isa = PBXBuildFile; fileRef = EFEA5B5328FCB06A006C1F84 /* CacheFeedUseCaseTests.swift */; };
		EFEA5B5728FD21AD006C1F84 /* LocalFeedLoader.swift in Sources */ = {isa = PBXBuildFile; fileRef = EFEA5B5628FD21AD006C1F84 /* LocalFeedLoader.swift */; };
		EFEA5B5B28FD2295006C1F84 /* FeedStore.swift in Sources */ = {isa = PBXBuildFile; fileRef = EFEA5B5A28FD2295006C1F84 /* FeedStore.swift */; };
		EFEA5B5D28FD75CF006C1F84 /* RemoteFeedItem.swift in Sources */ = {isa = PBXBuildFile; fileRef = EFEA5B5C28FD75CF006C1F84 /* RemoteFeedItem.swift */; };
		EFEA5B5F28FD7656006C1F84 /* LocalFeedImage.swift in Sources */ = {isa = PBXBuildFile; fileRef = EFEA5B5E28FD7656006C1F84 /* LocalFeedImage.swift */; };
		EFEB93AC2916581D004A6EE2 /* ErrorView.swift in Sources */ = {isa = PBXBuildFile; fileRef = EFEB93AB2916581D004A6EE2 /* ErrorView.swift */; };
		EFEB93B129165DE5004A6EE2 /* UIRefreshControl+Helpers.swift in Sources */ = {isa = PBXBuildFile; fileRef = EFEB93B029165DE5004A6EE2 /* UIRefreshControl+Helpers.swift */; };
		EFF33EEB292F80E500D5B01B /* FeedImageDataCache.swift in Sources */ = {isa = PBXBuildFile; fileRef = EFF33EEA292F80E500D5B01B /* FeedImageDataCache.swift */; };
		EFF632EA294C2BD200E6A41F /* LoadImageCommentsFromRemoteUseCaseTests.swift in Sources */ = {isa = PBXBuildFile; fileRef = EFF632E9294C2BD200E6A41F /* LoadImageCommentsFromRemoteUseCaseTests.swift */; };
		EFF632EC294C3BE900E6A41F /* RemoteImageCommentsLoader.swift in Sources */ = {isa = PBXBuildFile; fileRef = EFF632EB294C3BE900E6A41F /* RemoteImageCommentsLoader.swift */; };
		EFF632EE294C3DBA00E6A41F /* ImageCommentsMapper.swift in Sources */ = {isa = PBXBuildFile; fileRef = EFF632ED294C3DBA00E6A41F /* ImageCommentsMapper.swift */; };
		EFF632F1294C4EBB00E6A41F /* ImageComment.swift in Sources */ = {isa = PBXBuildFile; fileRef = EFF632F0294C4EBB00E6A41F /* ImageComment.swift */; };
		EFF86DF0293F432A008C5FEF /* FeedSnapshotTests.swift in Sources */ = {isa = PBXBuildFile; fileRef = EFF86DEF293F432A008C5FEF /* FeedSnapshotTests.swift */; };
		EFF86DF5293F4E31008C5FEF /* UIImage+TestHelpers.swift in Sources */ = {isa = PBXBuildFile; fileRef = EFF86DF4293F4E31008C5FEF /* UIImage+TestHelpers.swift */; };
		EFF86DF7293F509D008C5FEF /* UITableView+HeaderSizing.swift in Sources */ = {isa = PBXBuildFile; fileRef = EFF86DF6293F509D008C5FEF /* UITableView+HeaderSizing.swift */; };
		EFF86DF9293F6AA8008C5FEF /* UIViewController+Snapshot.swift in Sources */ = {isa = PBXBuildFile; fileRef = EFF86DF8293F6AA8008C5FEF /* UIViewController+Snapshot.swift */; };
		EFF86DFB293F6B2E008C5FEF /* XCTestCase+Snapshot.swift in Sources */ = {isa = PBXBuildFile; fileRef = EFF86DFA293F6B2E008C5FEF /* XCTestCase+Snapshot.swift */; };
		EFF9447828FF5D8000DDD2AF /* FeedCachePolicy.swift in Sources */ = {isa = PBXBuildFile; fileRef = EFF9447728FF5D8000DDD2AF /* FeedCachePolicy.swift */; };
/* End PBXBuildFile section */

/* Begin PBXContainerItemProxy section */
		EF1D2E0E2908E85E000FC0C8 /* PBXContainerItemProxy */ = {
			isa = PBXContainerItemProxy;
			containerPortal = EF58D33A28F03C97002AFD4B /* Project object */;
			proxyType = 1;
			remoteGlobalIDString = EF1D2E042908E85D000FC0C8;
			remoteInfo = EssentialFeediOS;
		};
		EF58D34D28F03C97002AFD4B /* PBXContainerItemProxy */ = {
			isa = PBXContainerItemProxy;
			containerPortal = EF58D33A28F03C97002AFD4B /* Project object */;
			proxyType = 1;
			remoteGlobalIDString = EF58D34228F03C97002AFD4B;
			remoteInfo = EssentialFeed;
		};
		EFB8012B28F76F620057C60E /* PBXContainerItemProxy */ = {
			isa = PBXContainerItemProxy;
			containerPortal = EF58D33A28F03C97002AFD4B /* Project object */;
			proxyType = 1;
			remoteGlobalIDString = EF58D34228F03C97002AFD4B;
			remoteInfo = EssentialFeed;
		};
		EFB8A7AC29025C610079F430 /* PBXContainerItemProxy */ = {
			isa = PBXContainerItemProxy;
			containerPortal = EF58D33A28F03C97002AFD4B /* Project object */;
			proxyType = 1;
			remoteGlobalIDString = EF58D34228F03C97002AFD4B;
			remoteInfo = EssentialFeed;
		};
		EFD268B4290A3EBD007E09B3 /* PBXContainerItemProxy */ = {
			isa = PBXContainerItemProxy;
			containerPortal = EF58D33A28F03C97002AFD4B /* Project object */;
			proxyType = 1;
			remoteGlobalIDString = EF58D34228F03C97002AFD4B;
			remoteInfo = EssentialFeed;
		};
/* End PBXContainerItemProxy section */

/* Begin PBXCopyFilesBuildPhase section */
		EFD268B6290A3EBD007E09B3 /* Embed Frameworks */ = {
			isa = PBXCopyFilesBuildPhase;
			buildActionMask = 2147483647;
			dstPath = "";
			dstSubfolderSpec = 10;
			files = (
				EFD268B3290A3EBD007E09B3 /* EssentialFeed.framework in Embed Frameworks */,
			);
			name = "Embed Frameworks";
			runOnlyForDeploymentPostprocessing = 0;
		};
/* End PBXCopyFilesBuildPhase section */

/* Begin PBXFileReference section */
		EF1930002917656000775B68 /* FeedPresenterTests.swift */ = {isa = PBXFileReference; lastKnownFileType = sourcecode.swift; path = FeedPresenterTests.swift; sourceTree = "<group>"; };
		EF19300B29178B7E00775B68 /* FeedPresenter.swift */ = {isa = PBXFileReference; lastKnownFileType = sourcecode.swift; path = FeedPresenter.swift; sourceTree = "<group>"; };
		EF19301029178C9D00775B68 /* en */ = {isa = PBXFileReference; lastKnownFileType = text.plist.strings; name = en; path = en.lproj/Feed.strings; sourceTree = "<group>"; };
		EF19301229178CA200775B68 /* el */ = {isa = PBXFileReference; lastKnownFileType = text.plist.strings; name = el; path = el.lproj/Feed.strings; sourceTree = "<group>"; };
		EF19301329178CA500775B68 /* pt-PT */ = {isa = PBXFileReference; lastKnownFileType = text.plist.strings; name = "pt-PT"; path = "pt-PT.lproj/Feed.strings"; sourceTree = "<group>"; };
		EF19301429178D9A00775B68 /* FeedViewModel.swift */ = {isa = PBXFileReference; lastKnownFileType = sourcecode.swift; path = FeedViewModel.swift; sourceTree = "<group>"; };
		EF19301629178DDD00775B68 /* FeedLoadingViewModel.swift */ = {isa = PBXFileReference; lastKnownFileType = sourcecode.swift; path = FeedLoadingViewModel.swift; sourceTree = "<group>"; };
		EF19301829178E0B00775B68 /* FeedErrorViewModel.swift */ = {isa = PBXFileReference; lastKnownFileType = sourcecode.swift; path = FeedErrorViewModel.swift; sourceTree = "<group>"; };
		EF19301B291792AA00775B68 /* FeedImagePresenterTests.swift */ = {isa = PBXFileReference; lastKnownFileType = sourcecode.swift; path = FeedImagePresenterTests.swift; sourceTree = "<group>"; };
		EF19301D29179FE400775B68 /* FeedImagePresenter.swift */ = {isa = PBXFileReference; lastKnownFileType = sourcecode.swift; path = FeedImagePresenter.swift; sourceTree = "<group>"; };
		EF19301F2917A0A800775B68 /* FeedImageViewModel.swift */ = {isa = PBXFileReference; lastKnownFileType = sourcecode.swift; path = FeedImageViewModel.swift; sourceTree = "<group>"; };
		EF1940E02926393A00610AE0 /* FeedCache.swift */ = {isa = PBXFileReference; lastKnownFileType = sourcecode.swift; path = FeedCache.swift; sourceTree = "<group>"; };
		EF1D2E052908E85D000FC0C8 /* EssentialFeediOS.framework */ = {isa = PBXFileReference; explicitFileType = wrapper.framework; includeInIndex = 0; path = EssentialFeediOS.framework; sourceTree = BUILT_PRODUCTS_DIR; };
		EF1D2E0C2908E85E000FC0C8 /* EssentialFeediOSTests.xctest */ = {isa = PBXFileReference; explicitFileType = wrapper.cfbundle; includeInIndex = 0; path = EssentialFeediOSTests.xctest; sourceTree = BUILT_PRODUCTS_DIR; };
		EF25553028F6E295007790FF /* URLSessionHTTPClient.swift */ = {isa = PBXFileReference; lastKnownFileType = sourcecode.swift; path = URLSessionHTTPClient.swift; sourceTree = "<group>"; };
		EF3F93A6291388E400C9512C /* Feed.storyboard */ = {isa = PBXFileReference; lastKnownFileType = file.storyboard; path = Feed.storyboard; sourceTree = "<group>"; };
		EF3F93A829138A5100C9512C /* Feed.xcassets */ = {isa = PBXFileReference; lastKnownFileType = folder.assetcatalog; path = Feed.xcassets; sourceTree = "<group>"; };
		EF3F93AA2913A51900C9512C /* UITableView+Dequeueing.swift */ = {isa = PBXFileReference; lastKnownFileType = sourcecode.swift; path = "UITableView+Dequeueing.swift"; sourceTree = "<group>"; };
		EF3F93AC2913A8FD00C9512C /* UIImageView+Animations.swift */ = {isa = PBXFileReference; lastKnownFileType = sourcecode.swift; path = "UIImageView+Animations.swift"; sourceTree = "<group>"; };
		EF3F93BF2913EB0D00C9512C /* FeedLocalizationTests.swift */ = {isa = PBXFileReference; lastKnownFileType = sourcecode.swift; path = FeedLocalizationTests.swift; sourceTree = "<group>"; };
		EF42906E2910FD6F00DCA7B3 /* FeedImageCell.swift */ = {isa = PBXFileReference; fileEncoding = 4; lastKnownFileType = sourcecode.swift; path = FeedImageCell.swift; sourceTree = "<group>"; };
		EF42906F2910FD6F00DCA7B3 /* UIView+Shimmering.swift */ = {isa = PBXFileReference; fileEncoding = 4; lastKnownFileType = sourcecode.swift; path = "UIView+Shimmering.swift"; sourceTree = "<group>"; };
		EF4290712910FD6F00DCA7B3 /* FeedViewController.swift */ = {isa = PBXFileReference; fileEncoding = 4; lastKnownFileType = sourcecode.swift; path = FeedViewController.swift; sourceTree = "<group>"; };
		EF4290762910FDD700DCA7B3 /* FeedImageDataLoader.swift */ = {isa = PBXFileReference; lastKnownFileType = sourcecode.swift; path = FeedImageDataLoader.swift; sourceTree = "<group>"; };
		EF42907A29110BE800DCA7B3 /* FeedImageCellController.swift */ = {isa = PBXFileReference; lastKnownFileType = sourcecode.swift; path = FeedImageCellController.swift; sourceTree = "<group>"; };
		EF58D34328F03C97002AFD4B /* EssentialFeed.framework */ = {isa = PBXFileReference; explicitFileType = wrapper.framework; includeInIndex = 0; path = EssentialFeed.framework; sourceTree = BUILT_PRODUCTS_DIR; };
		EF58D34628F03C97002AFD4B /* EssentialFeed.h */ = {isa = PBXFileReference; lastKnownFileType = sourcecode.c.h; path = EssentialFeed.h; sourceTree = "<group>"; };
		EF58D34B28F03C97002AFD4B /* EssentialFeedTests.xctest */ = {isa = PBXFileReference; explicitFileType = wrapper.cfbundle; includeInIndex = 0; path = EssentialFeedTests.xctest; sourceTree = BUILT_PRODUCTS_DIR; };
		EF58D35028F03C97002AFD4B /* LoadFeedFromRemoteUseCaseTests.swift */ = {isa = PBXFileReference; lastKnownFileType = sourcecode.swift; path = LoadFeedFromRemoteUseCaseTests.swift; sourceTree = "<group>"; };
		EF58D35B28F03CAD002AFD4B /* FeedImage.swift */ = {isa = PBXFileReference; lastKnownFileType = sourcecode.swift; path = FeedImage.swift; sourceTree = "<group>"; };
		EF58D35D28F03EEB002AFD4B /* FeedLoader.swift */ = {isa = PBXFileReference; lastKnownFileType = sourcecode.swift; path = FeedLoader.swift; sourceTree = "<group>"; };
		EF6A862028FE0D0700057546 /* LoadFeedFromCacheUseCaseTests.swift */ = {isa = PBXFileReference; lastKnownFileType = sourcecode.swift; path = LoadFeedFromCacheUseCaseTests.swift; sourceTree = "<group>"; };
		EF6A862328FE110600057546 /* FeedStoreSpy.swift */ = {isa = PBXFileReference; lastKnownFileType = sourcecode.swift; path = FeedStoreSpy.swift; sourceTree = "<group>"; };
		EF6A862528FEB3AE00057546 /* ValidateFeedCacheUseCaseTests.swift */ = {isa = PBXFileReference; lastKnownFileType = sourcecode.swift; path = ValidateFeedCacheUseCaseTests.swift; sourceTree = "<group>"; };
		EF6A862728FEBDD800057546 /* FeedCacheTestHelpers.swift */ = {isa = PBXFileReference; lastKnownFileType = sourcecode.swift; path = FeedCacheTestHelpers.swift; sourceTree = "<group>"; };
		EF6A862928FEBEB100057546 /* SharedTestHelpers.swift */ = {isa = PBXFileReference; lastKnownFileType = sourcecode.swift; path = SharedTestHelpers.swift; sourceTree = "<group>"; };
		EF7264FC291C5FC20002D252 /* HTTPClientSpy.swift */ = {isa = PBXFileReference; lastKnownFileType = sourcecode.swift; path = HTTPClientSpy.swift; sourceTree = "<group>"; };
		EF7264FE291C60E90002D252 /* RemoteFeedImageDataLoader.swift */ = {isa = PBXFileReference; lastKnownFileType = sourcecode.swift; path = RemoteFeedImageDataLoader.swift; sourceTree = "<group>"; };
		EF726501291C685F0002D252 /* HTTPURLResponse+StatusCode.swift */ = {isa = PBXFileReference; lastKnownFileType = sourcecode.swift; path = "HTTPURLResponse+StatusCode.swift"; sourceTree = "<group>"; };
		EF726503291C69BA0002D252 /* URLProtocolStub.swift */ = {isa = PBXFileReference; lastKnownFileType = sourcecode.swift; path = URLProtocolStub.swift; sourceTree = "<group>"; };
		EF726505291C82A30002D252 /* LoadFeedImageDataFromCacheUseCaseTests.swift */ = {isa = PBXFileReference; lastKnownFileType = sourcecode.swift; path = LoadFeedImageDataFromCacheUseCaseTests.swift; sourceTree = "<group>"; };
		EF726507291CAFB60002D252 /* LocalFeedImageDataLoader.swift */ = {isa = PBXFileReference; lastKnownFileType = sourcecode.swift; path = LocalFeedImageDataLoader.swift; sourceTree = "<group>"; };
		EF726509291CB0110002D252 /* FeedImageDataStore.swift */ = {isa = PBXFileReference; lastKnownFileType = sourcecode.swift; path = FeedImageDataStore.swift; sourceTree = "<group>"; };
		EF72650B291CC27B0002D252 /* FeedImageDataStoreSpy.swift */ = {isa = PBXFileReference; lastKnownFileType = sourcecode.swift; path = FeedImageDataStoreSpy.swift; sourceTree = "<group>"; };
		EF72650D291CC4940002D252 /* CacheFeedImageDataUseCaseTests.swift */ = {isa = PBXFileReference; lastKnownFileType = sourcecode.swift; path = CacheFeedImageDataUseCaseTests.swift; sourceTree = "<group>"; };
		EF72650F291CDBB80002D252 /* CoreDataFeedImageDataStoreTests.swift */ = {isa = PBXFileReference; lastKnownFileType = sourcecode.swift; path = CoreDataFeedImageDataStoreTests.swift; sourceTree = "<group>"; };
		EF726513291D0D3E0002D252 /* FeedStore2.xcdatamodel */ = {isa = PBXFileReference; lastKnownFileType = wrapper.xcdatamodel; path = FeedStore2.xcdatamodel; sourceTree = "<group>"; };
		EF726514291D12B50002D252 /* CoreDataFeedStore+FeedImageDataLoader.swift */ = {isa = PBXFileReference; lastKnownFileType = sourcecode.swift; path = "CoreDataFeedStore+FeedImageDataLoader.swift"; sourceTree = "<group>"; };
		EF726516291D17BB0002D252 /* CoreDataFeedStore+FeedStore.swift */ = {isa = PBXFileReference; lastKnownFileType = sourcecode.swift; path = "CoreDataFeedStore+FeedStore.swift"; sourceTree = "<group>"; };
		EF7ABC1C28F5BA22004EC0D9 /* XCTestCase+MemoryLeakTracking.swift */ = {isa = PBXFileReference; lastKnownFileType = sourcecode.swift; path = "XCTestCase+MemoryLeakTracking.swift"; sourceTree = "<group>"; };
		EF81F0F3291BA40A00DBFA32 /* LoadFeedImageDataFromRemoteUseCaseTests.swift */ = {isa = PBXFileReference; lastKnownFileType = sourcecode.swift; path = LoadFeedImageDataFromRemoteUseCaseTests.swift; sourceTree = "<group>"; };
		EF8EF9D128F4CE2C0082DF3B /* URLSessionHTTPClientTests.swift */ = {isa = PBXFileReference; lastKnownFileType = sourcecode.swift; path = URLSessionHTTPClientTests.swift; sourceTree = "<group>"; };
		EFB8012628F76F620057C60E /* EssentialFeedEndToEndTests.xctest */ = {isa = PBXFileReference; explicitFileType = wrapper.cfbundle; includeInIndex = 0; path = EssentialFeedEndToEndTests.xctest; sourceTree = BUILT_PRODUCTS_DIR; };
		EFB8012828F76F620057C60E /* EssentialFeedEndToEndTests.swift */ = {isa = PBXFileReference; lastKnownFileType = sourcecode.swift; path = EssentialFeedEndToEndTests.swift; sourceTree = "<group>"; };
		EFB8A7932901FDA40079F430 /* CoreDataFeedStoreTests.swift */ = {isa = PBXFileReference; lastKnownFileType = sourcecode.swift; path = CoreDataFeedStoreTests.swift; sourceTree = "<group>"; };
		EFB8A7952901FF990079F430 /* CoreDataFeedStore.swift */ = {isa = PBXFileReference; lastKnownFileType = sourcecode.swift; path = CoreDataFeedStore.swift; sourceTree = "<group>"; };
		EFB8A798290203AB0079F430 /* FeedStore.xcdatamodel */ = {isa = PBXFileReference; lastKnownFileType = wrapper.xcdatamodel; path = FeedStore.xcdatamodel; sourceTree = "<group>"; };
		EFB8A79D290255AE0079F430 /* CoreDataHelpers.swift */ = {isa = PBXFileReference; lastKnownFileType = sourcecode.swift; path = CoreDataHelpers.swift; sourceTree = "<group>"; };
		EFB8A79F2902568B0079F430 /* ManagedCache.swift */ = {isa = PBXFileReference; lastKnownFileType = sourcecode.swift; path = ManagedCache.swift; sourceTree = "<group>"; };
		EFB8A7A1290256C60079F430 /* ManagedFeedImage.swift */ = {isa = PBXFileReference; lastKnownFileType = sourcecode.swift; path = ManagedFeedImage.swift; sourceTree = "<group>"; };
		EFB8A7A729025C610079F430 /* EssentialFeedCacheIntegrationTests.xctest */ = {isa = PBXFileReference; explicitFileType = wrapper.cfbundle; includeInIndex = 0; path = EssentialFeedCacheIntegrationTests.xctest; sourceTree = BUILT_PRODUCTS_DIR; };
		EFB8A7A929025C610079F430 /* EssentialFeedCacheIntegrationTests.swift */ = {isa = PBXFileReference; lastKnownFileType = sourcecode.swift; path = EssentialFeedCacheIntegrationTests.swift; sourceTree = "<group>"; };
		EFD802D528F41FDC00B9784D /* HTTPClient.swift */ = {isa = PBXFileReference; lastKnownFileType = sourcecode.swift; path = HTTPClient.swift; sourceTree = "<group>"; };
		EFD802D728F4206600B9784D /* FeedItemsMapper.swift */ = {isa = PBXFileReference; lastKnownFileType = sourcecode.swift; path = FeedItemsMapper.swift; sourceTree = "<group>"; };
		EFE358D029017541005034CC /* FeedStoreSpecs.swift */ = {isa = PBXFileReference; lastKnownFileType = sourcecode.swift; path = FeedStoreSpecs.swift; sourceTree = "<group>"; };
		EFE358D2290176AB005034CC /* XCTestCase+FeedStoreSpecs.swift */ = {isa = PBXFileReference; lastKnownFileType = sourcecode.swift; path = "XCTestCase+FeedStoreSpecs.swift"; sourceTree = "<group>"; };
		EFE358D4290188CD005034CC /* XCTestCase+FailableRetrieveFeedStoreSpecs.swift */ = {isa = PBXFileReference; lastKnownFileType = sourcecode.swift; path = "XCTestCase+FailableRetrieveFeedStoreSpecs.swift"; sourceTree = "<group>"; };
		EFE358D6290189CD005034CC /* XCTestCase+FailableInsertFeedStoreSpecs.swift */ = {isa = PBXFileReference; lastKnownFileType = sourcecode.swift; path = "XCTestCase+FailableInsertFeedStoreSpecs.swift"; sourceTree = "<group>"; };
		EFE358D829018B22005034CC /* XCTestCase+FailableDeleteFeedStoreSpecs.swift */ = {isa = PBXFileReference; lastKnownFileType = sourcecode.swift; path = "XCTestCase+FailableDeleteFeedStoreSpecs.swift"; sourceTree = "<group>"; };
		EFE37CD828F26B4100C04C83 /* RemoteFeedLoader.swift */ = {isa = PBXFileReference; lastKnownFileType = sourcecode.swift; path = RemoteFeedLoader.swift; sourceTree = "<group>"; };
		EFEA5B5328FCB06A006C1F84 /* CacheFeedUseCaseTests.swift */ = {isa = PBXFileReference; lastKnownFileType = sourcecode.swift; path = CacheFeedUseCaseTests.swift; sourceTree = "<group>"; };
		EFEA5B5628FD21AD006C1F84 /* LocalFeedLoader.swift */ = {isa = PBXFileReference; lastKnownFileType = sourcecode.swift; path = LocalFeedLoader.swift; sourceTree = "<group>"; };
		EFEA5B5A28FD2295006C1F84 /* FeedStore.swift */ = {isa = PBXFileReference; lastKnownFileType = sourcecode.swift; path = FeedStore.swift; sourceTree = "<group>"; };
		EFEA5B5C28FD75CF006C1F84 /* RemoteFeedItem.swift */ = {isa = PBXFileReference; lastKnownFileType = sourcecode.swift; path = RemoteFeedItem.swift; sourceTree = "<group>"; };
		EFEA5B5E28FD7656006C1F84 /* LocalFeedImage.swift */ = {isa = PBXFileReference; lastKnownFileType = sourcecode.swift; path = LocalFeedImage.swift; sourceTree = "<group>"; };
		EFEB93AB2916581D004A6EE2 /* ErrorView.swift */ = {isa = PBXFileReference; fileEncoding = 4; lastKnownFileType = sourcecode.swift; path = ErrorView.swift; sourceTree = "<group>"; };
		EFEB93B029165DE5004A6EE2 /* UIRefreshControl+Helpers.swift */ = {isa = PBXFileReference; lastKnownFileType = sourcecode.swift; path = "UIRefreshControl+Helpers.swift"; sourceTree = "<group>"; };
		EFF33EEA292F80E500D5B01B /* FeedImageDataCache.swift */ = {isa = PBXFileReference; lastKnownFileType = sourcecode.swift; path = FeedImageDataCache.swift; sourceTree = "<group>"; };
		EFF632E9294C2BD200E6A41F /* LoadImageCommentsFromRemoteUseCaseTests.swift */ = {isa = PBXFileReference; lastKnownFileType = sourcecode.swift; path = LoadImageCommentsFromRemoteUseCaseTests.swift; sourceTree = "<group>"; };
		EFF632EB294C3BE900E6A41F /* RemoteImageCommentsLoader.swift */ = {isa = PBXFileReference; lastKnownFileType = sourcecode.swift; path = RemoteImageCommentsLoader.swift; sourceTree = "<group>"; };
		EFF632ED294C3DBA00E6A41F /* ImageCommentsMapper.swift */ = {isa = PBXFileReference; lastKnownFileType = sourcecode.swift; path = ImageCommentsMapper.swift; sourceTree = "<group>"; };
		EFF632F0294C4EBB00E6A41F /* ImageComment.swift */ = {isa = PBXFileReference; lastKnownFileType = sourcecode.swift; path = ImageComment.swift; sourceTree = "<group>"; };
		EFF86DEF293F432A008C5FEF /* FeedSnapshotTests.swift */ = {isa = PBXFileReference; fileEncoding = 4; lastKnownFileType = sourcecode.swift; path = FeedSnapshotTests.swift; sourceTree = "<group>"; };
		EFF86DF4293F4E31008C5FEF /* UIImage+TestHelpers.swift */ = {isa = PBXFileReference; fileEncoding = 4; lastKnownFileType = sourcecode.swift; path = "UIImage+TestHelpers.swift"; sourceTree = "<group>"; };
		EFF86DF6293F509D008C5FEF /* UITableView+HeaderSizing.swift */ = {isa = PBXFileReference; lastKnownFileType = sourcecode.swift; path = "UITableView+HeaderSizing.swift"; sourceTree = "<group>"; };
		EFF86DF8293F6AA8008C5FEF /* UIViewController+Snapshot.swift */ = {isa = PBXFileReference; lastKnownFileType = sourcecode.swift; path = "UIViewController+Snapshot.swift"; sourceTree = "<group>"; };
		EFF86DFA293F6B2E008C5FEF /* XCTestCase+Snapshot.swift */ = {isa = PBXFileReference; lastKnownFileType = sourcecode.swift; path = "XCTestCase+Snapshot.swift"; sourceTree = "<group>"; };
		EFF9447728FF5D8000DDD2AF /* FeedCachePolicy.swift */ = {isa = PBXFileReference; lastKnownFileType = sourcecode.swift; path = FeedCachePolicy.swift; sourceTree = "<group>"; };
/* End PBXFileReference section */

/* Begin PBXFrameworksBuildPhase section */
		EF1D2E022908E85D000FC0C8 /* Frameworks */ = {
			isa = PBXFrameworksBuildPhase;
			buildActionMask = 2147483647;
			files = (
				EFD268B2290A3EBD007E09B3 /* EssentialFeed.framework in Frameworks */,
			);
			runOnlyForDeploymentPostprocessing = 0;
		};
		EF1D2E092908E85E000FC0C8 /* Frameworks */ = {
			isa = PBXFrameworksBuildPhase;
			buildActionMask = 2147483647;
			files = (
				EF1D2E0D2908E85E000FC0C8 /* EssentialFeediOS.framework in Frameworks */,
			);
			runOnlyForDeploymentPostprocessing = 0;
		};
		EF58D34028F03C97002AFD4B /* Frameworks */ = {
			isa = PBXFrameworksBuildPhase;
			buildActionMask = 2147483647;
			files = (
			);
			runOnlyForDeploymentPostprocessing = 0;
		};
		EF58D34828F03C97002AFD4B /* Frameworks */ = {
			isa = PBXFrameworksBuildPhase;
			buildActionMask = 2147483647;
			files = (
				EF58D34C28F03C97002AFD4B /* EssentialFeed.framework in Frameworks */,
			);
			runOnlyForDeploymentPostprocessing = 0;
		};
		EFB8012328F76F620057C60E /* Frameworks */ = {
			isa = PBXFrameworksBuildPhase;
			buildActionMask = 2147483647;
			files = (
				EFB8012A28F76F620057C60E /* EssentialFeed.framework in Frameworks */,
			);
			runOnlyForDeploymentPostprocessing = 0;
		};
		EFB8A7A429025C610079F430 /* Frameworks */ = {
			isa = PBXFrameworksBuildPhase;
			buildActionMask = 2147483647;
			files = (
				EFB8A7AB29025C610079F430 /* EssentialFeed.framework in Frameworks */,
			);
			runOnlyForDeploymentPostprocessing = 0;
		};
/* End PBXFrameworksBuildPhase section */

/* Begin PBXGroup section */
		EF192FFF2917654F00775B68 /* FeedPresentation */ = {
			isa = PBXGroup;
			children = (
				EF3F93BF2913EB0D00C9512C /* FeedLocalizationTests.swift */,
				EF1930002917656000775B68 /* FeedPresenterTests.swift */,
				EF19301B291792AA00775B68 /* FeedImagePresenterTests.swift */,
			);
			path = FeedPresentation;
			sourceTree = "<group>";
		};
		EF19300A29178B6C00775B68 /* FeedPresentation */ = {
			isa = PBXGroup;
			children = (
				EF19301629178DDD00775B68 /* FeedLoadingViewModel.swift */,
				EF19301429178D9A00775B68 /* FeedViewModel.swift */,
				EF19301829178E0B00775B68 /* FeedErrorViewModel.swift */,
				EF19300B29178B7E00775B68 /* FeedPresenter.swift */,
				EF19301F2917A0A800775B68 /* FeedImageViewModel.swift */,
				EF19301D29179FE400775B68 /* FeedImagePresenter.swift */,
				EF19301129178C9D00775B68 /* Feed.strings */,
			);
			path = FeedPresentation;
			sourceTree = "<group>";
		};
		EF1D2E062908E85D000FC0C8 /* EssentialFeediOS */ = {
			isa = PBXGroup;
			children = (
				EF42906A2910FD2A00DCA7B3 /* FeedUI */,
			);
			path = EssentialFeediOS;
			sourceTree = "<group>";
		};
		EF1D2E102908E85F000FC0C8 /* EssentialFeediOSTests */ = {
			isa = PBXGroup;
			children = (
				EFF86DF1293F4DE3008C5FEF /* Helpers */,
				EFF86DEF293F432A008C5FEF /* FeedSnapshotTests.swift */,
			);
			path = EssentialFeediOSTests;
			sourceTree = "<group>";
		};
		EF42906A2910FD2A00DCA7B3 /* FeedUI */ = {
			isa = PBXGroup;
			children = (
				EF4290702910FD6F00DCA7B3 /* Controllers */,
				EF42906D2910FD6F00DCA7B3 /* Views */,
			);
			path = FeedUI;
			sourceTree = "<group>";
		};
		EF42906D2910FD6F00DCA7B3 /* Views */ = {
			isa = PBXGroup;
			children = (
				EFEB93AD29165CE8004A6EE2 /* Helpers */,
				EFEB93AB2916581D004A6EE2 /* ErrorView.swift */,
				EF42906E2910FD6F00DCA7B3 /* FeedImageCell.swift */,
				EF3F93A6291388E400C9512C /* Feed.storyboard */,
				EF3F93A829138A5100C9512C /* Feed.xcassets */,
			);
			path = Views;
			sourceTree = "<group>";
		};
		EF4290702910FD6F00DCA7B3 /* Controllers */ = {
			isa = PBXGroup;
			children = (
				EF4290712910FD6F00DCA7B3 /* FeedViewController.swift */,
				EF42907A29110BE800DCA7B3 /* FeedImageCellController.swift */,
			);
			path = Controllers;
			sourceTree = "<group>";
		};
		EF58D33928F03C97002AFD4B = {
			isa = PBXGroup;
			children = (
				EF58D34528F03C97002AFD4B /* EssentialFeed */,
				EF58D34F28F03C97002AFD4B /* EssentialFeedTests */,
				EFB8012728F76F620057C60E /* EssentialFeedEndToEndTests */,
				EFB8A7A829025C610079F430 /* EssentialFeedCacheIntegrationTests */,
				EF1D2E062908E85D000FC0C8 /* EssentialFeediOS */,
				EF1D2E102908E85F000FC0C8 /* EssentialFeediOSTests */,
				EF58D34428F03C97002AFD4B /* Products */,
				EFD268B1290A3EBD007E09B3 /* Frameworks */,
			);
			sourceTree = "<group>";
		};
		EF58D34428F03C97002AFD4B /* Products */ = {
			isa = PBXGroup;
			children = (
				EF58D34328F03C97002AFD4B /* EssentialFeed.framework */,
				EF58D34B28F03C97002AFD4B /* EssentialFeedTests.xctest */,
				EFB8012628F76F620057C60E /* EssentialFeedEndToEndTests.xctest */,
				EFB8A7A729025C610079F430 /* EssentialFeedCacheIntegrationTests.xctest */,
				EF1D2E052908E85D000FC0C8 /* EssentialFeediOS.framework */,
				EF1D2E0C2908E85E000FC0C8 /* EssentialFeediOSTests.xctest */,
			);
			name = Products;
			sourceTree = "<group>";
		};
		EF58D34528F03C97002AFD4B /* EssentialFeed */ = {
			isa = PBXGroup;
			children = (
				EFF632F2294C693100E6A41F /* SharedAPI */,
				EFF632F3294C695F00E6A41F /* SharedAPIInfra */,
				EFF632EF294C4EA000E6A41F /* ImageCommentsFeature */,
				EFF632F7294C6A9D00E6A41F /* ImageCommentsAPI */,
				EF58D35F28F03FCB002AFD4B /* FeedFeature */,
				EFE37CD728F26B2700C04C83 /* FeedAPI */,
				EFEA5B5528FD2195006C1F84 /* FeedCache */,
				EF19300A29178B6C00775B68 /* FeedPresentation */,
				EF58D34628F03C97002AFD4B /* EssentialFeed.h */,
			);
			path = EssentialFeed;
			sourceTree = "<group>";
		};
		EF58D34F28F03C97002AFD4B /* EssentialFeedTests */ = {
			isa = PBXGroup;
			children = (
				EF7ABC1B28F5BA01004EC0D9 /* Helpers */,
				EFF632F4294C699800E6A41F /* SharedAPI */,
				EFF632F6294C69C400E6A41F /* SharedAPIInfra */,
				EFF632F8294C6AED00E6A41F /* ImageCommentsAPI */,
				EFD802D928F42F5900B9784D /* FeedAPI */,
				EFEA5B5228FCB023006C1F84 /* FeedCache */,
				EF192FFF2917654F00775B68 /* FeedPresentation */,
			);
			path = EssentialFeedTests;
			sourceTree = "<group>";
		};
		EF58D35F28F03FCB002AFD4B /* FeedFeature */ = {
			isa = PBXGroup;
			children = (
				EF58D35B28F03CAD002AFD4B /* FeedImage.swift */,
				EF58D35D28F03EEB002AFD4B /* FeedLoader.swift */,
				EF4290762910FDD700DCA7B3 /* FeedImageDataLoader.swift */,
				EF1940E02926393A00610AE0 /* FeedCache.swift */,
				EFF33EEA292F80E500D5B01B /* FeedImageDataCache.swift */,
			);
			path = FeedFeature;
			sourceTree = "<group>";
		};
		EF6A862228FE10F700057546 /* Helpers */ = {
			isa = PBXGroup;
			children = (
				EF6A862328FE110600057546 /* FeedStoreSpy.swift */,
				EF6A862728FEBDD800057546 /* FeedCacheTestHelpers.swift */,
				EF72650B291CC27B0002D252 /* FeedImageDataStoreSpy.swift */,
			);
			path = Helpers;
			sourceTree = "<group>";
		};
		EF7264FB291C5FB10002D252 /* Helpers */ = {
			isa = PBXGroup;
			children = (
				EF726503291C69BA0002D252 /* URLProtocolStub.swift */,
			);
			path = Helpers;
			sourceTree = "<group>";
		};
		EF726500291C68560002D252 /* Helpers */ = {
			isa = PBXGroup;
			children = (
				EF726501291C685F0002D252 /* HTTPURLResponse+StatusCode.swift */,
			);
			path = Helpers;
			sourceTree = "<group>";
		};
		EF7ABC1B28F5BA01004EC0D9 /* Helpers */ = {
			isa = PBXGroup;
			children = (
				EF7ABC1C28F5BA22004EC0D9 /* XCTestCase+MemoryLeakTracking.swift */,
				EF6A862928FEBEB100057546 /* SharedTestHelpers.swift */,
			);
			path = Helpers;
			sourceTree = "<group>";
		};
		EFB8012728F76F620057C60E /* EssentialFeedEndToEndTests */ = {
			isa = PBXGroup;
			children = (
				EFB8012828F76F620057C60E /* EssentialFeedEndToEndTests.swift */,
			);
			path = EssentialFeedEndToEndTests;
			sourceTree = "<group>";
		};
		EFB8A79A2902547F0079F430 /* CoreData */ = {
			isa = PBXGroup;
			children = (
				EFB8A797290203AB0079F430 /* FeedStore.xcdatamodeld */,
				EFB8A79D290255AE0079F430 /* CoreDataHelpers.swift */,
				EFB8A79F2902568B0079F430 /* ManagedCache.swift */,
				EFB8A7A1290256C60079F430 /* ManagedFeedImage.swift */,
				EFB8A7952901FF990079F430 /* CoreDataFeedStore.swift */,
				EF726516291D17BB0002D252 /* CoreDataFeedStore+FeedStore.swift */,
				EF726514291D12B50002D252 /* CoreDataFeedStore+FeedImageDataLoader.swift */,
			);
			path = CoreData;
			sourceTree = "<group>";
		};
		EFB8A79B290254D40079F430 /* Infrastructure */ = {
			isa = PBXGroup;
			children = (
				EFB8A79A2902547F0079F430 /* CoreData */,
			);
			path = Infrastructure;
			sourceTree = "<group>";
		};
		EFB8A7A829025C610079F430 /* EssentialFeedCacheIntegrationTests */ = {
			isa = PBXGroup;
			children = (
				EFB8A7A929025C610079F430 /* EssentialFeedCacheIntegrationTests.swift */,
			);
			path = EssentialFeedCacheIntegrationTests;
			sourceTree = "<group>";
		};
		EFD268B1290A3EBD007E09B3 /* Frameworks */ = {
			isa = PBXGroup;
			children = (
			);
			name = Frameworks;
			sourceTree = "<group>";
		};
		EFD802D928F42F5900B9784D /* FeedAPI */ = {
			isa = PBXGroup;
			children = (
				EF58D35028F03C97002AFD4B /* LoadFeedFromRemoteUseCaseTests.swift */,
				EF81F0F3291BA40A00DBFA32 /* LoadFeedImageDataFromRemoteUseCaseTests.swift */,
			);
			path = FeedAPI;
			sourceTree = "<group>";
		};
		EFE358DA29018C1D005034CC /* FeedStoreSpecs */ = {
			isa = PBXGroup;
			children = (
				EFE358D029017541005034CC /* FeedStoreSpecs.swift */,
				EFE358D2290176AB005034CC /* XCTestCase+FeedStoreSpecs.swift */,
				EFE358D4290188CD005034CC /* XCTestCase+FailableRetrieveFeedStoreSpecs.swift */,
				EFE358D6290189CD005034CC /* XCTestCase+FailableInsertFeedStoreSpecs.swift */,
				EFE358D829018B22005034CC /* XCTestCase+FailableDeleteFeedStoreSpecs.swift */,
			);
			path = FeedStoreSpecs;
			sourceTree = "<group>";
		};
		EFE37CD728F26B2700C04C83 /* FeedAPI */ = {
			isa = PBXGroup;
			children = (
				EF726500291C68560002D252 /* Helpers */,
				EFE37CD828F26B4100C04C83 /* RemoteFeedLoader.swift */,
				EFD802D728F4206600B9784D /* FeedItemsMapper.swift */,
				EFEA5B5C28FD75CF006C1F84 /* RemoteFeedItem.swift */,
				EF7264FE291C60E90002D252 /* RemoteFeedImageDataLoader.swift */,
			);
			path = FeedAPI;
			sourceTree = "<group>";
		};
		EFEA5B5228FCB023006C1F84 /* FeedCache */ = {
			isa = PBXGroup;
			children = (
				EF6A862228FE10F700057546 /* Helpers */,
				EFE358DA29018C1D005034CC /* FeedStoreSpecs */,
				EFEA5B5328FCB06A006C1F84 /* CacheFeedUseCaseTests.swift */,
				EF6A862028FE0D0700057546 /* LoadFeedFromCacheUseCaseTests.swift */,
				EF6A862528FEB3AE00057546 /* ValidateFeedCacheUseCaseTests.swift */,
				EFB8A7932901FDA40079F430 /* CoreDataFeedStoreTests.swift */,
				EF726505291C82A30002D252 /* LoadFeedImageDataFromCacheUseCaseTests.swift */,
				EF72650D291CC4940002D252 /* CacheFeedImageDataUseCaseTests.swift */,
				EF72650F291CDBB80002D252 /* CoreDataFeedImageDataStoreTests.swift */,
			);
			path = FeedCache;
			sourceTree = "<group>";
		};
		EFEA5B5528FD2195006C1F84 /* FeedCache */ = {
			isa = PBXGroup;
			children = (
				EFB8A79B290254D40079F430 /* Infrastructure */,
				EFEA5B5628FD21AD006C1F84 /* LocalFeedLoader.swift */,
				EFEA5B5A28FD2295006C1F84 /* FeedStore.swift */,
				EFEA5B5E28FD7656006C1F84 /* LocalFeedImage.swift */,
				EFF9447728FF5D8000DDD2AF /* FeedCachePolicy.swift */,
				EF726509291CB0110002D252 /* FeedImageDataStore.swift */,
				EF726507291CAFB60002D252 /* LocalFeedImageDataLoader.swift */,
			);
			path = FeedCache;
			sourceTree = "<group>";
		};
		EFEB93AD29165CE8004A6EE2 /* Helpers */ = {
			isa = PBXGroup;
			children = (
				EF42906F2910FD6F00DCA7B3 /* UIView+Shimmering.swift */,
				EF3F93AA2913A51900C9512C /* UITableView+Dequeueing.swift */,
				EF3F93AC2913A8FD00C9512C /* UIImageView+Animations.swift */,
				EFEB93B029165DE5004A6EE2 /* UIRefreshControl+Helpers.swift */,
				EFF86DF6293F509D008C5FEF /* UITableView+HeaderSizing.swift */,
			);
			path = Helpers;
			sourceTree = "<group>";
		};
		EFF632EF294C4EA000E6A41F /* ImageCommentsFeature */ = {
			isa = PBXGroup;
			children = (
				EFF632F0294C4EBB00E6A41F /* ImageComment.swift */,
			);
			path = ImageCommentsFeature;
			sourceTree = "<group>";
		};
		EFF632F2294C693100E6A41F /* SharedAPI */ = {
			isa = PBXGroup;
			children = (
				EFD802D528F41FDC00B9784D /* HTTPClient.swift */,
			);
			path = SharedAPI;
			sourceTree = "<group>";
		};
		EFF632F3294C695F00E6A41F /* SharedAPIInfra */ = {
			isa = PBXGroup;
			children = (
				EF25553028F6E295007790FF /* URLSessionHTTPClient.swift */,
			);
			path = SharedAPIInfra;
			sourceTree = "<group>";
		};
		EFF632F4294C699800E6A41F /* SharedAPI */ = {
			isa = PBXGroup;
			children = (
				EFF632F5294C69A100E6A41F /* Helpers */,
			);
			path = SharedAPI;
			sourceTree = "<group>";
		};
		EFF632F5294C69A100E6A41F /* Helpers */ = {
			isa = PBXGroup;
			children = (
				EF7264FC291C5FC20002D252 /* HTTPClientSpy.swift */,
			);
			path = Helpers;
			sourceTree = "<group>";
		};
		EFF632F6294C69C400E6A41F /* SharedAPIInfra */ = {
			isa = PBXGroup;
			children = (
				EF7264FB291C5FB10002D252 /* Helpers */,
				EF8EF9D128F4CE2C0082DF3B /* URLSessionHTTPClientTests.swift */,
			);
			path = SharedAPIInfra;
			sourceTree = "<group>";
		};
		EFF632F7294C6A9D00E6A41F /* ImageCommentsAPI */ = {
			isa = PBXGroup;
			children = (
				EFF632EB294C3BE900E6A41F /* RemoteImageCommentsLoader.swift */,
				EFF632ED294C3DBA00E6A41F /* ImageCommentsMapper.swift */,
			);
			path = ImageCommentsAPI;
			sourceTree = "<group>";
		};
		EFF632F8294C6AED00E6A41F /* ImageCommentsAPI */ = {
			isa = PBXGroup;
			children = (
				EFF632E9294C2BD200E6A41F /* LoadImageCommentsFromRemoteUseCaseTests.swift */,
			);
			path = ImageCommentsAPI;
			sourceTree = "<group>";
		};
		EFF86DF1293F4DE3008C5FEF /* Helpers */ = {
			isa = PBXGroup;
			children = (
				EFF86DF4293F4E31008C5FEF /* UIImage+TestHelpers.swift */,
				EFF86DF8293F6AA8008C5FEF /* UIViewController+Snapshot.swift */,
				EFF86DFA293F6B2E008C5FEF /* XCTestCase+Snapshot.swift */,
			);
			path = Helpers;
			sourceTree = "<group>";
		};
/* End PBXGroup section */

/* Begin PBXHeadersBuildPhase section */
		EF1D2E002908E85D000FC0C8 /* Headers */ = {
			isa = PBXHeadersBuildPhase;
			buildActionMask = 2147483647;
			files = (
			);
			runOnlyForDeploymentPostprocessing = 0;
		};
		EF58D33E28F03C97002AFD4B /* Headers */ = {
			isa = PBXHeadersBuildPhase;
			buildActionMask = 2147483647;
			files = (
				EF58D35228F03C97002AFD4B /* EssentialFeed.h in Headers */,
			);
			runOnlyForDeploymentPostprocessing = 0;
		};
/* End PBXHeadersBuildPhase section */

/* Begin PBXNativeTarget section */
		EF1D2E042908E85D000FC0C8 /* EssentialFeediOS */ = {
			isa = PBXNativeTarget;
			buildConfigurationList = EF1D2E142908E85F000FC0C8 /* Build configuration list for PBXNativeTarget "EssentialFeediOS" */;
			buildPhases = (
				EF1D2E002908E85D000FC0C8 /* Headers */,
				EF1D2E012908E85D000FC0C8 /* Sources */,
				EF1D2E022908E85D000FC0C8 /* Frameworks */,
				EF1D2E032908E85D000FC0C8 /* Resources */,
				EFD268B6290A3EBD007E09B3 /* Embed Frameworks */,
			);
			buildRules = (
			);
			dependencies = (
				EFD268B5290A3EBD007E09B3 /* PBXTargetDependency */,
			);
			name = EssentialFeediOS;
			productName = EssentialFeediOS;
			productReference = EF1D2E052908E85D000FC0C8 /* EssentialFeediOS.framework */;
			productType = "com.apple.product-type.framework";
		};
		EF1D2E0B2908E85E000FC0C8 /* EssentialFeediOSTests */ = {
			isa = PBXNativeTarget;
			buildConfigurationList = EF1D2E172908E85F000FC0C8 /* Build configuration list for PBXNativeTarget "EssentialFeediOSTests" */;
			buildPhases = (
				EF1D2E082908E85E000FC0C8 /* Sources */,
				EF1D2E092908E85E000FC0C8 /* Frameworks */,
				EF1D2E0A2908E85E000FC0C8 /* Resources */,
			);
			buildRules = (
			);
			dependencies = (
				EF1D2E0F2908E85E000FC0C8 /* PBXTargetDependency */,
			);
			name = EssentialFeediOSTests;
			productName = EssentialFeediOSTests;
			productReference = EF1D2E0C2908E85E000FC0C8 /* EssentialFeediOSTests.xctest */;
			productType = "com.apple.product-type.bundle.unit-test";
		};
		EF58D34228F03C97002AFD4B /* EssentialFeed */ = {
			isa = PBXNativeTarget;
			buildConfigurationList = EF58D35528F03C97002AFD4B /* Build configuration list for PBXNativeTarget "EssentialFeed" */;
			buildPhases = (
				EF58D33E28F03C97002AFD4B /* Headers */,
				EF58D33F28F03C97002AFD4B /* Sources */,
				EF58D34028F03C97002AFD4B /* Frameworks */,
				EF58D34128F03C97002AFD4B /* Resources */,
			);
			buildRules = (
			);
			dependencies = (
			);
			name = EssentialFeed;
			productName = EssentialFeed;
			productReference = EF58D34328F03C97002AFD4B /* EssentialFeed.framework */;
			productType = "com.apple.product-type.framework";
		};
		EF58D34A28F03C97002AFD4B /* EssentialFeedTests */ = {
			isa = PBXNativeTarget;
			buildConfigurationList = EF58D35828F03C97002AFD4B /* Build configuration list for PBXNativeTarget "EssentialFeedTests" */;
			buildPhases = (
				EF58D34728F03C97002AFD4B /* Sources */,
				EF58D34828F03C97002AFD4B /* Frameworks */,
				EF58D34928F03C97002AFD4B /* Resources */,
			);
			buildRules = (
			);
			dependencies = (
				EF58D34E28F03C97002AFD4B /* PBXTargetDependency */,
			);
			name = EssentialFeedTests;
			productName = EssentialFeedTests;
			productReference = EF58D34B28F03C97002AFD4B /* EssentialFeedTests.xctest */;
			productType = "com.apple.product-type.bundle.unit-test";
		};
		EFB8012528F76F620057C60E /* EssentialFeedEndToEndTests */ = {
			isa = PBXNativeTarget;
			buildConfigurationList = EFB8012F28F76F620057C60E /* Build configuration list for PBXNativeTarget "EssentialFeedEndToEndTests" */;
			buildPhases = (
				EFB8012228F76F620057C60E /* Sources */,
				EFB8012328F76F620057C60E /* Frameworks */,
				EFB8012428F76F620057C60E /* Resources */,
			);
			buildRules = (
			);
			dependencies = (
				EFB8012C28F76F620057C60E /* PBXTargetDependency */,
			);
			name = EssentialFeedEndToEndTests;
			productName = EssentialFeedEndToEndTests;
			productReference = EFB8012628F76F620057C60E /* EssentialFeedEndToEndTests.xctest */;
			productType = "com.apple.product-type.bundle.unit-test";
		};
		EFB8A7A629025C610079F430 /* EssentialFeedCacheIntegrationTests */ = {
			isa = PBXNativeTarget;
			buildConfigurationList = EFB8A7B029025C610079F430 /* Build configuration list for PBXNativeTarget "EssentialFeedCacheIntegrationTests" */;
			buildPhases = (
				EFB8A7A329025C610079F430 /* Sources */,
				EFB8A7A429025C610079F430 /* Frameworks */,
				EFB8A7A529025C610079F430 /* Resources */,
			);
			buildRules = (
			);
			dependencies = (
				EFB8A7AD29025C610079F430 /* PBXTargetDependency */,
			);
			name = EssentialFeedCacheIntegrationTests;
			productName = EssentialFeedCacheIntegrationTests;
			productReference = EFB8A7A729025C610079F430 /* EssentialFeedCacheIntegrationTests.xctest */;
			productType = "com.apple.product-type.bundle.unit-test";
		};
/* End PBXNativeTarget section */

/* Begin PBXProject section */
		EF58D33A28F03C97002AFD4B /* Project object */ = {
			isa = PBXProject;
			attributes = {
				BuildIndependentTargetsInParallel = 1;
				LastSwiftUpdateCheck = 1400;
				LastUpgradeCheck = 1410;
				TargetAttributes = {
					EF1D2E042908E85D000FC0C8 = {
						CreatedOnToolsVersion = 14.0.1;
						LastSwiftMigration = 1400;
					};
					EF1D2E0B2908E85E000FC0C8 = {
						CreatedOnToolsVersion = 14.0.1;
						LastSwiftMigration = 1400;
					};
					EF58D34228F03C97002AFD4B = {
						CreatedOnToolsVersion = 14.0.1;
						LastSwiftMigration = 1400;
					};
					EF58D34A28F03C97002AFD4B = {
						CreatedOnToolsVersion = 14.0.1;
					};
					EFB8012528F76F620057C60E = {
						CreatedOnToolsVersion = 14.0.1;
					};
					EFB8A7A629025C610079F430 = {
						CreatedOnToolsVersion = 14.0.1;
					};
				};
			};
			buildConfigurationList = EF58D33D28F03C97002AFD4B /* Build configuration list for PBXProject "EssentialFeed" */;
			compatibilityVersion = "Xcode 14.0";
			developmentRegion = en;
			hasScannedForEncodings = 0;
			knownRegions = (
				en,
				Base,
				"pt-PT",
				el,
			);
			mainGroup = EF58D33928F03C97002AFD4B;
			productRefGroup = EF58D34428F03C97002AFD4B /* Products */;
			projectDirPath = "";
			projectRoot = "";
			targets = (
				EF58D34228F03C97002AFD4B /* EssentialFeed */,
				EF58D34A28F03C97002AFD4B /* EssentialFeedTests */,
				EFB8012528F76F620057C60E /* EssentialFeedEndToEndTests */,
				EFB8A7A629025C610079F430 /* EssentialFeedCacheIntegrationTests */,
				EF1D2E042908E85D000FC0C8 /* EssentialFeediOS */,
				EF1D2E0B2908E85E000FC0C8 /* EssentialFeediOSTests */,
			);
		};
/* End PBXProject section */

/* Begin PBXResourcesBuildPhase section */
		EF1D2E032908E85D000FC0C8 /* Resources */ = {
			isa = PBXResourcesBuildPhase;
			buildActionMask = 2147483647;
			files = (
				EF3F93A7291388E400C9512C /* Feed.storyboard in Resources */,
				EF3F93A929138A5100C9512C /* Feed.xcassets in Resources */,
			);
			runOnlyForDeploymentPostprocessing = 0;
		};
		EF1D2E0A2908E85E000FC0C8 /* Resources */ = {
			isa = PBXResourcesBuildPhase;
			buildActionMask = 2147483647;
			files = (
			);
			runOnlyForDeploymentPostprocessing = 0;
		};
		EF58D34128F03C97002AFD4B /* Resources */ = {
			isa = PBXResourcesBuildPhase;
			buildActionMask = 2147483647;
			files = (
				EF19300F29178C9D00775B68 /* Feed.strings in Resources */,
			);
			runOnlyForDeploymentPostprocessing = 0;
		};
		EF58D34928F03C97002AFD4B /* Resources */ = {
			isa = PBXResourcesBuildPhase;
			buildActionMask = 2147483647;
			files = (
			);
			runOnlyForDeploymentPostprocessing = 0;
		};
		EFB8012428F76F620057C60E /* Resources */ = {
			isa = PBXResourcesBuildPhase;
			buildActionMask = 2147483647;
			files = (
			);
			runOnlyForDeploymentPostprocessing = 0;
		};
		EFB8A7A529025C610079F430 /* Resources */ = {
			isa = PBXResourcesBuildPhase;
			buildActionMask = 2147483647;
			files = (
			);
			runOnlyForDeploymentPostprocessing = 0;
		};
/* End PBXResourcesBuildPhase section */

/* Begin PBXSourcesBuildPhase section */
		EF1D2E012908E85D000FC0C8 /* Sources */ = {
			isa = PBXSourcesBuildPhase;
			buildActionMask = 2147483647;
			files = (
				EFF86DF7293F509D008C5FEF /* UITableView+HeaderSizing.swift in Sources */,
				EFEB93AC2916581D004A6EE2 /* ErrorView.swift in Sources */,
				EFEB93B129165DE5004A6EE2 /* UIRefreshControl+Helpers.swift in Sources */,
				EF3F93AB2913A51900C9512C /* UITableView+Dequeueing.swift in Sources */,
				EF4290722910FD6F00DCA7B3 /* FeedImageCell.swift in Sources */,
				EF3F93AD2913A8FD00C9512C /* UIImageView+Animations.swift in Sources */,
				EF4290742910FD6F00DCA7B3 /* FeedViewController.swift in Sources */,
				EF4290732910FD6F00DCA7B3 /* UIView+Shimmering.swift in Sources */,
				EF42907B29110BE800DCA7B3 /* FeedImageCellController.swift in Sources */,
			);
			runOnlyForDeploymentPostprocessing = 0;
		};
		EF1D2E082908E85E000FC0C8 /* Sources */ = {
			isa = PBXSourcesBuildPhase;
			buildActionMask = 2147483647;
			files = (
				EFD268B7290A422D007E09B3 /* XCTestCase+MemoryLeakTracking.swift in Sources */,
				EFF86DF0293F432A008C5FEF /* FeedSnapshotTests.swift in Sources */,
				EFF86DFB293F6B2E008C5FEF /* XCTestCase+Snapshot.swift in Sources */,
				EFF86DF9293F6AA8008C5FEF /* UIViewController+Snapshot.swift in Sources */,
				EFF86DF5293F4E31008C5FEF /* UIImage+TestHelpers.swift in Sources */,
			);
			runOnlyForDeploymentPostprocessing = 0;
		};
		EF58D33F28F03C97002AFD4B /* Sources */ = {
			isa = PBXSourcesBuildPhase;
			buildActionMask = 2147483647;
			files = (
				EF726508291CAFB60002D252 /* LocalFeedImageDataLoader.swift in Sources */,
				EFB8A79E290255AE0079F430 /* CoreDataHelpers.swift in Sources */,
				EFD802D828F4206600B9784D /* FeedItemsMapper.swift in Sources */,
				EF58D35E28F03EEB002AFD4B /* FeedLoader.swift in Sources */,
				EFEA5B5D28FD75CF006C1F84 /* RemoteFeedItem.swift in Sources */,
				EF1930202917A0A800775B68 /* FeedImageViewModel.swift in Sources */,
				EFF632EC294C3BE900E6A41F /* RemoteImageCommentsLoader.swift in Sources */,
				EFF9447828FF5D8000DDD2AF /* FeedCachePolicy.swift in Sources */,
				EF7264FF291C60E90002D252 /* RemoteFeedImageDataLoader.swift in Sources */,
				EFF632F1294C4EBB00E6A41F /* ImageComment.swift in Sources */,
				EFE37CD928F26B4100C04C83 /* RemoteFeedLoader.swift in Sources */,
				EFB8A799290203AB0079F430 /* FeedStore.xcdatamodeld in Sources */,
				EF726517291D17BB0002D252 /* CoreDataFeedStore+FeedStore.swift in Sources */,
				EFEA5B5F28FD7656006C1F84 /* LocalFeedImage.swift in Sources */,
				EF19301529178D9A00775B68 /* FeedViewModel.swift in Sources */,
				EFEA5B5B28FD2295006C1F84 /* FeedStore.swift in Sources */,
				EFEA5B5728FD21AD006C1F84 /* LocalFeedLoader.swift in Sources */,
				EFF632EE294C3DBA00E6A41F /* ImageCommentsMapper.swift in Sources */,
				EFD802D628F41FDC00B9784D /* HTTPClient.swift in Sources */,
				EF58D35C28F03CAD002AFD4B /* FeedImage.swift in Sources */,
				EFF33EEB292F80E500D5B01B /* FeedImageDataCache.swift in Sources */,
				EF72650A291CB0110002D252 /* FeedImageDataStore.swift in Sources */,
				EF19300C29178B7E00775B68 /* FeedPresenter.swift in Sources */,
				EF25553128F6E295007790FF /* URLSessionHTTPClient.swift in Sources */,
				EF726502291C685F0002D252 /* HTTPURLResponse+StatusCode.swift in Sources */,
				EFB8A7A02902568B0079F430 /* ManagedCache.swift in Sources */,
				EFB8A7962901FF990079F430 /* CoreDataFeedStore.swift in Sources */,
				EF19301929178E0B00775B68 /* FeedErrorViewModel.swift in Sources */,
				EF81F0F2291BA25000DBFA32 /* FeedImageDataLoader.swift in Sources */,
				EF19301729178DDD00775B68 /* FeedLoadingViewModel.swift in Sources */,
				EF726515291D12B50002D252 /* CoreDataFeedStore+FeedImageDataLoader.swift in Sources */,
				EF19301E29179FE400775B68 /* FeedImagePresenter.swift in Sources */,
				EF1940E12926393A00610AE0 /* FeedCache.swift in Sources */,
				EFB8A7A2290256C60079F430 /* ManagedFeedImage.swift in Sources */,
			);
			runOnlyForDeploymentPostprocessing = 0;
		};
		EF58D34728F03C97002AFD4B /* Sources */ = {
			isa = PBXSourcesBuildPhase;
			buildActionMask = 2147483647;
			files = (
				EF726506291C82A30002D252 /* LoadFeedImageDataFromCacheUseCaseTests.swift in Sources */,
				EF6A862828FEBDD800057546 /* FeedCacheTestHelpers.swift in Sources */,
				EF726504291C69BA0002D252 /* URLProtocolStub.swift in Sources */,
				EFF632EA294C2BD200E6A41F /* LoadImageCommentsFromRemoteUseCaseTests.swift in Sources */,
				EF6A862628FEB3AE00057546 /* ValidateFeedCacheUseCaseTests.swift in Sources */,
				EF1930012917656000775B68 /* FeedPresenterTests.swift in Sources */,
				EF81F0F4291BA40A00DBFA32 /* LoadFeedImageDataFromRemoteUseCaseTests.swift in Sources */,
				EF58D35128F03C97002AFD4B /* LoadFeedFromRemoteUseCaseTests.swift in Sources */,
				EF19301C291792AA00775B68 /* FeedImagePresenterTests.swift in Sources */,
				EF72650E291CC4940002D252 /* CacheFeedImageDataUseCaseTests.swift in Sources */,
				EFE358D7290189CD005034CC /* XCTestCase+FailableInsertFeedStoreSpecs.swift in Sources */,
				EF19301A291791C700775B68 /* FeedLocalizationTests.swift in Sources */,
				EF8EF9D228F4CE2C0082DF3B /* URLSessionHTTPClientTests.swift in Sources */,
				EF7264FD291C5FC30002D252 /* HTTPClientSpy.swift in Sources */,
				EF6A862428FE110600057546 /* FeedStoreSpy.swift in Sources */,
				EF6A862A28FEBEB100057546 /* SharedTestHelpers.swift in Sources */,
				EFEA5B5428FCB06A006C1F84 /* CacheFeedUseCaseTests.swift in Sources */,
				EF72650C291CC27B0002D252 /* FeedImageDataStoreSpy.swift in Sources */,
				EF726510291CDBB80002D252 /* CoreDataFeedImageDataStoreTests.swift in Sources */,
				EFE358D929018B22005034CC /* XCTestCase+FailableDeleteFeedStoreSpecs.swift in Sources */,
				EFE358D5290188CD005034CC /* XCTestCase+FailableRetrieveFeedStoreSpecs.swift in Sources */,
				EF6A862128FE0D0700057546 /* LoadFeedFromCacheUseCaseTests.swift in Sources */,
				EFE358D129017541005034CC /* FeedStoreSpecs.swift in Sources */,
				EF7ABC1D28F5BA22004EC0D9 /* XCTestCase+MemoryLeakTracking.swift in Sources */,
				EFB8A7942901FDA40079F430 /* CoreDataFeedStoreTests.swift in Sources */,
				EFE358D3290176AB005034CC /* XCTestCase+FeedStoreSpecs.swift in Sources */,
			);
			runOnlyForDeploymentPostprocessing = 0;
		};
		EFB8012228F76F620057C60E /* Sources */ = {
			isa = PBXSourcesBuildPhase;
			buildActionMask = 2147483647;
			files = (
				EFB8012928F76F620057C60E /* EssentialFeedEndToEndTests.swift in Sources */,
				EFB8013028F77FA10057C60E /* XCTestCase+MemoryLeakTracking.swift in Sources */,
			);
			runOnlyForDeploymentPostprocessing = 0;
		};
		EFB8A7A329025C610079F430 /* Sources */ = {
			isa = PBXSourcesBuildPhase;
			buildActionMask = 2147483647;
			files = (
				EFB8A7B3290260860079F430 /* SharedTestHelpers.swift in Sources */,
				EFB8A7AA29025C610079F430 /* EssentialFeedCacheIntegrationTests.swift in Sources */,
				EFB8A7B2290260750079F430 /* FeedCacheTestHelpers.swift in Sources */,
				EFB8A7B129025EB80079F430 /* XCTestCase+MemoryLeakTracking.swift in Sources */,
			);
			runOnlyForDeploymentPostprocessing = 0;
		};
/* End PBXSourcesBuildPhase section */

/* Begin PBXTargetDependency section */
		EF1D2E0F2908E85E000FC0C8 /* PBXTargetDependency */ = {
			isa = PBXTargetDependency;
			target = EF1D2E042908E85D000FC0C8 /* EssentialFeediOS */;
			targetProxy = EF1D2E0E2908E85E000FC0C8 /* PBXContainerItemProxy */;
		};
		EF58D34E28F03C97002AFD4B /* PBXTargetDependency */ = {
			isa = PBXTargetDependency;
			target = EF58D34228F03C97002AFD4B /* EssentialFeed */;
			targetProxy = EF58D34D28F03C97002AFD4B /* PBXContainerItemProxy */;
		};
		EFB8012C28F76F620057C60E /* PBXTargetDependency */ = {
			isa = PBXTargetDependency;
			target = EF58D34228F03C97002AFD4B /* EssentialFeed */;
			targetProxy = EFB8012B28F76F620057C60E /* PBXContainerItemProxy */;
		};
		EFB8A7AD29025C610079F430 /* PBXTargetDependency */ = {
			isa = PBXTargetDependency;
			target = EF58D34228F03C97002AFD4B /* EssentialFeed */;
			targetProxy = EFB8A7AC29025C610079F430 /* PBXContainerItemProxy */;
		};
		EFD268B5290A3EBD007E09B3 /* PBXTargetDependency */ = {
			isa = PBXTargetDependency;
			platformFilter = ios;
			target = EF58D34228F03C97002AFD4B /* EssentialFeed */;
			targetProxy = EFD268B4290A3EBD007E09B3 /* PBXContainerItemProxy */;
		};
/* End PBXTargetDependency section */

/* Begin PBXVariantGroup section */
		EF19301129178C9D00775B68 /* Feed.strings */ = {
			isa = PBXVariantGroup;
			children = (
				EF19301029178C9D00775B68 /* en */,
				EF19301229178CA200775B68 /* el */,
				EF19301329178CA500775B68 /* pt-PT */,
			);
			name = Feed.strings;
			sourceTree = "<group>";
		};
/* End PBXVariantGroup section */

/* Begin XCBuildConfiguration section */
		EF1D2E152908E85F000FC0C8 /* Debug */ = {
			isa = XCBuildConfiguration;
			buildSettings = {
				CLANG_ENABLE_MODULES = YES;
				CODE_SIGN_STYLE = Automatic;
				CURRENT_PROJECT_VERSION = 1;
				DEFINES_MODULE = YES;
				DEVELOPMENT_TEAM = 9T3PZX3RQ4;
				DYLIB_COMPATIBILITY_VERSION = 1;
				DYLIB_CURRENT_VERSION = 1;
				DYLIB_INSTALL_NAME_BASE = "@rpath";
				GENERATE_INFOPLIST_FILE = YES;
				INFOPLIST_KEY_NSHumanReadableCopyright = "";
				INSTALL_PATH = "$(LOCAL_LIBRARY_DIR)/Frameworks";
				IPHONEOS_DEPLOYMENT_TARGET = 13.0;
				LD_RUNPATH_SEARCH_PATHS = (
					"$(inherited)",
					"@executable_path/Frameworks",
					"@loader_path/Frameworks",
				);
				MARKETING_VERSION = 1.0;
				PRODUCT_BUNDLE_IDENTIFIER = com.intan3951.EssentialFeediOS;
				PRODUCT_NAME = "$(TARGET_NAME:c99extidentifier)";
				SDKROOT = iphoneos;
				SKIP_INSTALL = YES;
				SWIFT_EMIT_LOC_STRINGS = YES;
				SWIFT_OPTIMIZATION_LEVEL = "-Onone";
				SWIFT_VERSION = 5.0;
				TARGETED_DEVICE_FAMILY = "1,2";
			};
			name = Debug;
		};
		EF1D2E162908E85F000FC0C8 /* Release */ = {
			isa = XCBuildConfiguration;
			buildSettings = {
				CLANG_ENABLE_MODULES = YES;
				CODE_SIGN_STYLE = Automatic;
				CURRENT_PROJECT_VERSION = 1;
				DEFINES_MODULE = YES;
				DEVELOPMENT_TEAM = 9T3PZX3RQ4;
				DYLIB_COMPATIBILITY_VERSION = 1;
				DYLIB_CURRENT_VERSION = 1;
				DYLIB_INSTALL_NAME_BASE = "@rpath";
				GENERATE_INFOPLIST_FILE = YES;
				INFOPLIST_KEY_NSHumanReadableCopyright = "";
				INSTALL_PATH = "$(LOCAL_LIBRARY_DIR)/Frameworks";
				IPHONEOS_DEPLOYMENT_TARGET = 13.0;
				LD_RUNPATH_SEARCH_PATHS = (
					"$(inherited)",
					"@executable_path/Frameworks",
					"@loader_path/Frameworks",
				);
				MARKETING_VERSION = 1.0;
				PRODUCT_BUNDLE_IDENTIFIER = com.intan3951.EssentialFeediOS;
				PRODUCT_NAME = "$(TARGET_NAME:c99extidentifier)";
				SDKROOT = iphoneos;
				SKIP_INSTALL = YES;
				SWIFT_EMIT_LOC_STRINGS = YES;
				SWIFT_VERSION = 5.0;
				TARGETED_DEVICE_FAMILY = "1,2";
				VALIDATE_PRODUCT = YES;
			};
			name = Release;
		};
		EF1D2E182908E85F000FC0C8 /* Debug */ = {
			isa = XCBuildConfiguration;
			buildSettings = {
				ALWAYS_EMBED_SWIFT_STANDARD_LIBRARIES = YES;
				CLANG_ENABLE_MODULES = YES;
				CODE_SIGN_STYLE = Automatic;
				CURRENT_PROJECT_VERSION = 1;
				DEVELOPMENT_TEAM = 9T3PZX3RQ4;
				GENERATE_INFOPLIST_FILE = YES;
				IPHONEOS_DEPLOYMENT_TARGET = 13.0;
				LD_RUNPATH_SEARCH_PATHS = (
					"$(inherited)",
					"@executable_path/Frameworks",
					"@loader_path/Frameworks",
				);
				MARKETING_VERSION = 1.0;
				PRODUCT_BUNDLE_IDENTIFIER = com.intan3951.EssentialFeediOSTests;
				PRODUCT_NAME = "$(TARGET_NAME)";
				SDKROOT = iphoneos;
				SWIFT_EMIT_LOC_STRINGS = NO;
				SWIFT_OPTIMIZATION_LEVEL = "-Onone";
				SWIFT_VERSION = 5.0;
				TARGETED_DEVICE_FAMILY = "1,2";
			};
			name = Debug;
		};
		EF1D2E192908E85F000FC0C8 /* Release */ = {
			isa = XCBuildConfiguration;
			buildSettings = {
				ALWAYS_EMBED_SWIFT_STANDARD_LIBRARIES = YES;
				CLANG_ENABLE_MODULES = YES;
				CODE_SIGN_STYLE = Automatic;
				CURRENT_PROJECT_VERSION = 1;
				DEVELOPMENT_TEAM = 9T3PZX3RQ4;
				GENERATE_INFOPLIST_FILE = YES;
				IPHONEOS_DEPLOYMENT_TARGET = 13.0;
				LD_RUNPATH_SEARCH_PATHS = (
					"$(inherited)",
					"@executable_path/Frameworks",
					"@loader_path/Frameworks",
				);
				MARKETING_VERSION = 1.0;
				PRODUCT_BUNDLE_IDENTIFIER = com.intan3951.EssentialFeediOSTests;
				PRODUCT_NAME = "$(TARGET_NAME)";
				SDKROOT = iphoneos;
				SWIFT_EMIT_LOC_STRINGS = NO;
				SWIFT_VERSION = 5.0;
				TARGETED_DEVICE_FAMILY = "1,2";
				VALIDATE_PRODUCT = YES;
			};
			name = Release;
		};
		EF58D35328F03C97002AFD4B /* Debug */ = {
			isa = XCBuildConfiguration;
			buildSettings = {
				ALWAYS_SEARCH_USER_PATHS = NO;
				CLANG_ANALYZER_LOCALIZABILITY_NONLOCALIZED = YES;
				CLANG_ANALYZER_NONNULL = YES;
				CLANG_ANALYZER_NUMBER_OBJECT_CONVERSION = YES_AGGRESSIVE;
				CLANG_CXX_LANGUAGE_STANDARD = "gnu++20";
				CLANG_ENABLE_MODULES = YES;
				CLANG_ENABLE_OBJC_ARC = YES;
				CLANG_ENABLE_OBJC_WEAK = YES;
				CLANG_WARN_BLOCK_CAPTURE_AUTORELEASING = YES;
				CLANG_WARN_BOOL_CONVERSION = YES;
				CLANG_WARN_COMMA = YES;
				CLANG_WARN_CONSTANT_CONVERSION = YES;
				CLANG_WARN_DEPRECATED_OBJC_IMPLEMENTATIONS = YES;
				CLANG_WARN_DIRECT_OBJC_ISA_USAGE = YES_ERROR;
				CLANG_WARN_DOCUMENTATION_COMMENTS = YES;
				CLANG_WARN_EMPTY_BODY = YES;
				CLANG_WARN_ENUM_CONVERSION = YES;
				CLANG_WARN_INFINITE_RECURSION = YES;
				CLANG_WARN_INT_CONVERSION = YES;
				CLANG_WARN_NON_LITERAL_NULL_CONVERSION = YES;
				CLANG_WARN_OBJC_IMPLICIT_RETAIN_SELF = YES;
				CLANG_WARN_OBJC_LITERAL_CONVERSION = YES;
				CLANG_WARN_OBJC_ROOT_CLASS = YES_ERROR;
				CLANG_WARN_QUOTED_INCLUDE_IN_FRAMEWORK_HEADER = YES;
				CLANG_WARN_RANGE_LOOP_ANALYSIS = YES;
				CLANG_WARN_STRICT_PROTOTYPES = YES;
				CLANG_WARN_SUSPICIOUS_MOVE = YES;
				CLANG_WARN_UNGUARDED_AVAILABILITY = YES_AGGRESSIVE;
				CLANG_WARN_UNREACHABLE_CODE = YES;
				CLANG_WARN__DUPLICATE_METHOD_MATCH = YES;
				COPY_PHASE_STRIP = NO;
				CURRENT_PROJECT_VERSION = 1;
				DEAD_CODE_STRIPPING = YES;
				DEBUG_INFORMATION_FORMAT = dwarf;
				ENABLE_STRICT_OBJC_MSGSEND = YES;
				ENABLE_TESTABILITY = YES;
				GCC_C_LANGUAGE_STANDARD = gnu11;
				GCC_DYNAMIC_NO_PIC = NO;
				GCC_NO_COMMON_BLOCKS = YES;
				GCC_OPTIMIZATION_LEVEL = 0;
				GCC_PREPROCESSOR_DEFINITIONS = (
					"DEBUG=1",
					"$(inherited)",
				);
				GCC_WARN_64_TO_32_BIT_CONVERSION = YES;
				GCC_WARN_ABOUT_RETURN_TYPE = YES_ERROR;
				GCC_WARN_UNDECLARED_SELECTOR = YES;
				GCC_WARN_UNINITIALIZED_AUTOS = YES_AGGRESSIVE;
				GCC_WARN_UNUSED_FUNCTION = YES;
				GCC_WARN_UNUSED_VARIABLE = YES;
				IPHONEOS_DEPLOYMENT_TARGET = 12.0;
				MACOSX_DEPLOYMENT_TARGET = 11.5;
				MTL_ENABLE_DEBUG_INFO = INCLUDE_SOURCE;
				MTL_FAST_MATH = YES;
				ONLY_ACTIVE_ARCH = YES;
				SDKROOT = macosx;
				SWIFT_ACTIVE_COMPILATION_CONDITIONS = DEBUG;
				SWIFT_OPTIMIZATION_LEVEL = "-Onone";
				VERSIONING_SYSTEM = "apple-generic";
				VERSION_INFO_PREFIX = "";
			};
			name = Debug;
		};
		EF58D35428F03C97002AFD4B /* Release */ = {
			isa = XCBuildConfiguration;
			buildSettings = {
				ALWAYS_SEARCH_USER_PATHS = NO;
				CLANG_ANALYZER_LOCALIZABILITY_NONLOCALIZED = YES;
				CLANG_ANALYZER_NONNULL = YES;
				CLANG_ANALYZER_NUMBER_OBJECT_CONVERSION = YES_AGGRESSIVE;
				CLANG_CXX_LANGUAGE_STANDARD = "gnu++20";
				CLANG_ENABLE_MODULES = YES;
				CLANG_ENABLE_OBJC_ARC = YES;
				CLANG_ENABLE_OBJC_WEAK = YES;
				CLANG_WARN_BLOCK_CAPTURE_AUTORELEASING = YES;
				CLANG_WARN_BOOL_CONVERSION = YES;
				CLANG_WARN_COMMA = YES;
				CLANG_WARN_CONSTANT_CONVERSION = YES;
				CLANG_WARN_DEPRECATED_OBJC_IMPLEMENTATIONS = YES;
				CLANG_WARN_DIRECT_OBJC_ISA_USAGE = YES_ERROR;
				CLANG_WARN_DOCUMENTATION_COMMENTS = YES;
				CLANG_WARN_EMPTY_BODY = YES;
				CLANG_WARN_ENUM_CONVERSION = YES;
				CLANG_WARN_INFINITE_RECURSION = YES;
				CLANG_WARN_INT_CONVERSION = YES;
				CLANG_WARN_NON_LITERAL_NULL_CONVERSION = YES;
				CLANG_WARN_OBJC_IMPLICIT_RETAIN_SELF = YES;
				CLANG_WARN_OBJC_LITERAL_CONVERSION = YES;
				CLANG_WARN_OBJC_ROOT_CLASS = YES_ERROR;
				CLANG_WARN_QUOTED_INCLUDE_IN_FRAMEWORK_HEADER = YES;
				CLANG_WARN_RANGE_LOOP_ANALYSIS = YES;
				CLANG_WARN_STRICT_PROTOTYPES = YES;
				CLANG_WARN_SUSPICIOUS_MOVE = YES;
				CLANG_WARN_UNGUARDED_AVAILABILITY = YES_AGGRESSIVE;
				CLANG_WARN_UNREACHABLE_CODE = YES;
				CLANG_WARN__DUPLICATE_METHOD_MATCH = YES;
				COPY_PHASE_STRIP = NO;
				CURRENT_PROJECT_VERSION = 1;
				DEAD_CODE_STRIPPING = YES;
				DEBUG_INFORMATION_FORMAT = "dwarf-with-dsym";
				ENABLE_NS_ASSERTIONS = NO;
				ENABLE_STRICT_OBJC_MSGSEND = YES;
				GCC_C_LANGUAGE_STANDARD = gnu11;
				GCC_NO_COMMON_BLOCKS = YES;
				GCC_WARN_64_TO_32_BIT_CONVERSION = YES;
				GCC_WARN_ABOUT_RETURN_TYPE = YES_ERROR;
				GCC_WARN_UNDECLARED_SELECTOR = YES;
				GCC_WARN_UNINITIALIZED_AUTOS = YES_AGGRESSIVE;
				GCC_WARN_UNUSED_FUNCTION = YES;
				GCC_WARN_UNUSED_VARIABLE = YES;
				IPHONEOS_DEPLOYMENT_TARGET = 12.0;
				MACOSX_DEPLOYMENT_TARGET = 11.5;
				MTL_ENABLE_DEBUG_INFO = NO;
				MTL_FAST_MATH = YES;
				SDKROOT = macosx;
				SWIFT_COMPILATION_MODE = wholemodule;
				SWIFT_OPTIMIZATION_LEVEL = "-O";
				VERSIONING_SYSTEM = "apple-generic";
				VERSION_INFO_PREFIX = "";
			};
			name = Release;
		};
		EF58D35628F03C97002AFD4B /* Debug */ = {
			isa = XCBuildConfiguration;
			buildSettings = {
				CLANG_ENABLE_MODULES = YES;
				CODE_SIGN_STYLE = Automatic;
				COMBINE_HIDPI_IMAGES = YES;
				CURRENT_PROJECT_VERSION = 1;
				DEAD_CODE_STRIPPING = YES;
				DEFINES_MODULE = YES;
				DEVELOPMENT_TEAM = 9T3PZX3RQ4;
				DYLIB_COMPATIBILITY_VERSION = 1;
				DYLIB_CURRENT_VERSION = 1;
				DYLIB_INSTALL_NAME_BASE = "@rpath";
				GENERATE_INFOPLIST_FILE = YES;
				INFOPLIST_KEY_NSHumanReadableCopyright = "";
				INSTALL_PATH = "$(LOCAL_LIBRARY_DIR)/Frameworks";
				LD_RUNPATH_SEARCH_PATHS = (
					"$(inherited)",
					"@executable_path/../Frameworks",
					"@loader_path/Frameworks",
				);
				MACOSX_DEPLOYMENT_TARGET = 11.5;
				MARKETING_VERSION = 1.0;
				PRODUCT_BUNDLE_IDENTIFIER = com.intan3951.EssentialFeed;
				PRODUCT_NAME = "$(TARGET_NAME:c99extidentifier)";
				SKIP_INSTALL = YES;
				SUPPORTED_PLATFORMS = "macosx iphoneos iphonesimulator";
				SWIFT_EMIT_LOC_STRINGS = YES;
				SWIFT_OPTIMIZATION_LEVEL = "-Onone";
				SWIFT_VERSION = 5.0;
			};
			name = Debug;
		};
		EF58D35728F03C97002AFD4B /* Release */ = {
			isa = XCBuildConfiguration;
			buildSettings = {
				CLANG_ENABLE_MODULES = YES;
				CODE_SIGN_STYLE = Automatic;
				COMBINE_HIDPI_IMAGES = YES;
				CURRENT_PROJECT_VERSION = 1;
				DEAD_CODE_STRIPPING = YES;
				DEFINES_MODULE = YES;
				DEVELOPMENT_TEAM = 9T3PZX3RQ4;
				DYLIB_COMPATIBILITY_VERSION = 1;
				DYLIB_CURRENT_VERSION = 1;
				DYLIB_INSTALL_NAME_BASE = "@rpath";
				GENERATE_INFOPLIST_FILE = YES;
				INFOPLIST_KEY_NSHumanReadableCopyright = "";
				INSTALL_PATH = "$(LOCAL_LIBRARY_DIR)/Frameworks";
				LD_RUNPATH_SEARCH_PATHS = (
					"$(inherited)",
					"@executable_path/../Frameworks",
					"@loader_path/Frameworks",
				);
				MACOSX_DEPLOYMENT_TARGET = 11.5;
				MARKETING_VERSION = 1.0;
				PRODUCT_BUNDLE_IDENTIFIER = com.intan3951.EssentialFeed;
				PRODUCT_NAME = "$(TARGET_NAME:c99extidentifier)";
				SKIP_INSTALL = YES;
				SUPPORTED_PLATFORMS = "macosx iphoneos iphonesimulator";
				SWIFT_EMIT_LOC_STRINGS = YES;
				SWIFT_VERSION = 5.0;
			};
			name = Release;
		};
		EF58D35928F03C97002AFD4B /* Debug */ = {
			isa = XCBuildConfiguration;
			buildSettings = {
				ALWAYS_EMBED_SWIFT_STANDARD_LIBRARIES = YES;
				CODE_SIGN_STYLE = Automatic;
				CURRENT_PROJECT_VERSION = 1;
				DEAD_CODE_STRIPPING = YES;
				DEVELOPMENT_TEAM = 9T3PZX3RQ4;
				GENERATE_INFOPLIST_FILE = YES;
				MACOSX_DEPLOYMENT_TARGET = 11.5;
				MARKETING_VERSION = 1.0;
				PRODUCT_BUNDLE_IDENTIFIER = com.intan3951.EssentialFeedTests;
				PRODUCT_NAME = "$(TARGET_NAME)";
				SUPPORTED_PLATFORMS = "macosx iphoneos iphonesimulator";
				SWIFT_EMIT_LOC_STRINGS = NO;
				SWIFT_VERSION = 5.0;
			};
			name = Debug;
		};
		EF58D35A28F03C97002AFD4B /* Release */ = {
			isa = XCBuildConfiguration;
			buildSettings = {
				ALWAYS_EMBED_SWIFT_STANDARD_LIBRARIES = YES;
				CODE_SIGN_STYLE = Automatic;
				CURRENT_PROJECT_VERSION = 1;
				DEAD_CODE_STRIPPING = YES;
				DEVELOPMENT_TEAM = 9T3PZX3RQ4;
				GENERATE_INFOPLIST_FILE = YES;
				MACOSX_DEPLOYMENT_TARGET = 11.5;
				MARKETING_VERSION = 1.0;
				PRODUCT_BUNDLE_IDENTIFIER = com.intan3951.EssentialFeedTests;
				PRODUCT_NAME = "$(TARGET_NAME)";
				SUPPORTED_PLATFORMS = "macosx iphoneos iphonesimulator";
				SWIFT_EMIT_LOC_STRINGS = NO;
				SWIFT_VERSION = 5.0;
			};
			name = Release;
		};
		EFB8012D28F76F620057C60E /* Debug */ = {
			isa = XCBuildConfiguration;
			buildSettings = {
				CODE_SIGN_STYLE = Automatic;
				CURRENT_PROJECT_VERSION = 1;
				DEAD_CODE_STRIPPING = YES;
				DEVELOPMENT_TEAM = 9T3PZX3RQ4;
				GENERATE_INFOPLIST_FILE = YES;
				MACOSX_DEPLOYMENT_TARGET = 11.5;
				MARKETING_VERSION = 1.0;
				PRODUCT_BUNDLE_IDENTIFIER = com.intan3951.EssentialFeedEndToEndTests;
				PRODUCT_NAME = "$(TARGET_NAME)";
				SUPPORTED_PLATFORMS = "macosx iphoneos iphonesimulator";
				SWIFT_EMIT_LOC_STRINGS = NO;
				SWIFT_VERSION = 5.0;
			};
			name = Debug;
		};
		EFB8012E28F76F620057C60E /* Release */ = {
			isa = XCBuildConfiguration;
			buildSettings = {
				CODE_SIGN_STYLE = Automatic;
				CURRENT_PROJECT_VERSION = 1;
				DEAD_CODE_STRIPPING = YES;
				DEVELOPMENT_TEAM = 9T3PZX3RQ4;
				GENERATE_INFOPLIST_FILE = YES;
				MACOSX_DEPLOYMENT_TARGET = 11.5;
				MARKETING_VERSION = 1.0;
				PRODUCT_BUNDLE_IDENTIFIER = com.intan3951.EssentialFeedEndToEndTests;
				PRODUCT_NAME = "$(TARGET_NAME)";
				SUPPORTED_PLATFORMS = "macosx iphoneos iphonesimulator";
				SWIFT_EMIT_LOC_STRINGS = NO;
				SWIFT_VERSION = 5.0;
			};
			name = Release;
		};
		EFB8A7AE29025C610079F430 /* Debug */ = {
			isa = XCBuildConfiguration;
			buildSettings = {
				CODE_SIGN_STYLE = Automatic;
				CURRENT_PROJECT_VERSION = 1;
				DEAD_CODE_STRIPPING = YES;
				DEVELOPMENT_TEAM = 9T3PZX3RQ4;
				GENERATE_INFOPLIST_FILE = YES;
				MACOSX_DEPLOYMENT_TARGET = 12.3;
				MARKETING_VERSION = 1.0;
				PRODUCT_BUNDLE_IDENTIFIER = com.intan3951.EssentialFeedCacheIntegrationTests;
				PRODUCT_NAME = "$(TARGET_NAME)";
				SUPPORTED_PLATFORMS = "macosx iphoneos iphonesimulator";
				SWIFT_EMIT_LOC_STRINGS = NO;
				SWIFT_VERSION = 5.0;
			};
			name = Debug;
		};
		EFB8A7AF29025C610079F430 /* Release */ = {
			isa = XCBuildConfiguration;
			buildSettings = {
				CODE_SIGN_STYLE = Automatic;
				CURRENT_PROJECT_VERSION = 1;
				DEAD_CODE_STRIPPING = YES;
				DEVELOPMENT_TEAM = 9T3PZX3RQ4;
				GENERATE_INFOPLIST_FILE = YES;
				MACOSX_DEPLOYMENT_TARGET = 12.3;
				MARKETING_VERSION = 1.0;
				PRODUCT_BUNDLE_IDENTIFIER = com.intan3951.EssentialFeedCacheIntegrationTests;
				PRODUCT_NAME = "$(TARGET_NAME)";
				SUPPORTED_PLATFORMS = "macosx iphoneos iphonesimulator";
				SWIFT_EMIT_LOC_STRINGS = NO;
				SWIFT_VERSION = 5.0;
			};
			name = Release;
		};
/* End XCBuildConfiguration section */

/* Begin XCConfigurationList section */
		EF1D2E142908E85F000FC0C8 /* Build configuration list for PBXNativeTarget "EssentialFeediOS" */ = {
			isa = XCConfigurationList;
			buildConfigurations = (
				EF1D2E152908E85F000FC0C8 /* Debug */,
				EF1D2E162908E85F000FC0C8 /* Release */,
			);
			defaultConfigurationIsVisible = 0;
			defaultConfigurationName = Release;
		};
		EF1D2E172908E85F000FC0C8 /* Build configuration list for PBXNativeTarget "EssentialFeediOSTests" */ = {
			isa = XCConfigurationList;
			buildConfigurations = (
				EF1D2E182908E85F000FC0C8 /* Debug */,
				EF1D2E192908E85F000FC0C8 /* Release */,
			);
			defaultConfigurationIsVisible = 0;
			defaultConfigurationName = Release;
		};
		EF58D33D28F03C97002AFD4B /* Build configuration list for PBXProject "EssentialFeed" */ = {
			isa = XCConfigurationList;
			buildConfigurations = (
				EF58D35328F03C97002AFD4B /* Debug */,
				EF58D35428F03C97002AFD4B /* Release */,
			);
			defaultConfigurationIsVisible = 0;
			defaultConfigurationName = Release;
		};
		EF58D35528F03C97002AFD4B /* Build configuration list for PBXNativeTarget "EssentialFeed" */ = {
			isa = XCConfigurationList;
			buildConfigurations = (
				EF58D35628F03C97002AFD4B /* Debug */,
				EF58D35728F03C97002AFD4B /* Release */,
			);
			defaultConfigurationIsVisible = 0;
			defaultConfigurationName = Release;
		};
		EF58D35828F03C97002AFD4B /* Build configuration list for PBXNativeTarget "EssentialFeedTests" */ = {
			isa = XCConfigurationList;
			buildConfigurations = (
				EF58D35928F03C97002AFD4B /* Debug */,
				EF58D35A28F03C97002AFD4B /* Release */,
			);
			defaultConfigurationIsVisible = 0;
			defaultConfigurationName = Release;
		};
		EFB8012F28F76F620057C60E /* Build configuration list for PBXNativeTarget "EssentialFeedEndToEndTests" */ = {
			isa = XCConfigurationList;
			buildConfigurations = (
				EFB8012D28F76F620057C60E /* Debug */,
				EFB8012E28F76F620057C60E /* Release */,
			);
			defaultConfigurationIsVisible = 0;
			defaultConfigurationName = Release;
		};
		EFB8A7B029025C610079F430 /* Build configuration list for PBXNativeTarget "EssentialFeedCacheIntegrationTests" */ = {
			isa = XCConfigurationList;
			buildConfigurations = (
				EFB8A7AE29025C610079F430 /* Debug */,
				EFB8A7AF29025C610079F430 /* Release */,
			);
			defaultConfigurationIsVisible = 0;
			defaultConfigurationName = Release;
		};
/* End XCConfigurationList section */

/* Begin XCVersionGroup section */
		EFB8A797290203AB0079F430 /* FeedStore.xcdatamodeld */ = {
			isa = XCVersionGroup;
			children = (
				EF726513291D0D3E0002D252 /* FeedStore2.xcdatamodel */,
				EFB8A798290203AB0079F430 /* FeedStore.xcdatamodel */,
			);
			currentVersion = EF726513291D0D3E0002D252 /* FeedStore2.xcdatamodel */;
			path = FeedStore.xcdatamodeld;
			sourceTree = "<group>";
			versionGroupType = wrapper.xcdatamodel;
		};
/* End XCVersionGroup section */
	};
	rootObject = EF58D33A28F03C97002AFD4B /* Project object */;
}
