// !$*UTF8*$!
{
	archiveVersion = 1;
	classes = {
	};
	objectVersion = 56;
	objects = {

/* Begin PBXBuildFile section */
		EF10CCD92947389E00DEB4FA /* CombineHelpers.swift in Sources */ = {isa = PBXBuildFile; fileRef = EF10CCD82947389E00DEB4FA /* CombineHelpers.swift */; };
		EF39267B2954625D00D8BAFD /* CommentsUIIntegrationTests.swift in Sources */ = {isa = PBXBuildFile; fileRef = EF39267A2954625D00D8BAFD /* CommentsUIIntegrationTests.swift */; };
		EF39267D2954657D00D8BAFD /* CommentsUIComposer.swift in Sources */ = {isa = PBXBuildFile; fileRef = EF39267C2954657D00D8BAFD /* CommentsUIComposer.swift */; };
		EF49FE5C293B78C700AE7C93 /* SceneDelegateTests.swift in Sources */ = {isa = PBXBuildFile; fileRef = EF49FE5B293B78C700AE7C93 /* SceneDelegateTests.swift */; };
		EF6A0A57293C2F6400A9C07E /* FeedUIComposer.swift in Sources */ = {isa = PBXBuildFile; fileRef = EF6A0A54293C2F6300A9C07E /* FeedUIComposer.swift */; };
		EF6A0A59293C2F6400A9C07E /* WeakRefVirtualProxy.swift in Sources */ = {isa = PBXBuildFile; fileRef = EF6A0A53293C2F6300A9C07E /* WeakRefVirtualProxy.swift */; };
		EF6A0A5B293C2F6400A9C07E /* LoadResourcePresentationAdapter.swift in Sources */ = {isa = PBXBuildFile; fileRef = EF6A0A55293C2F6400A9C07E /* LoadResourcePresentationAdapter.swift */; };
		EF6A0A5C293C2F6400A9C07E /* FeedViewAdapter.swift in Sources */ = {isa = PBXBuildFile; fileRef = EF6A0A51293C2F6200A9C07E /* FeedViewAdapter.swift */; };
		EF6A0A66293C2FC200A9C07E /* UIRefreshControl+TestHelpers.swift in Sources */ = {isa = PBXBuildFile; fileRef = EF6A0A5E293C2FBF00A9C07E /* UIRefreshControl+TestHelpers.swift */; };
		EF6A0A67293C2FC200A9C07E /* FeedImageCell+TestHelpers.swift in Sources */ = {isa = PBXBuildFile; fileRef = EF6A0A64293C2FC100A9C07E /* FeedImageCell+TestHelpers.swift */; };
		EF6A0A68293C2FC200A9C07E /* UIControl+TestHelpers.swift in Sources */ = {isa = PBXBuildFile; fileRef = EF6A0A61293C2FC000A9C07E /* UIControl+TestHelpers.swift */; };
		EF6A0A69293C2FC200A9C07E /* UIImage+TestHelpers.swift in Sources */ = {isa = PBXBuildFile; fileRef = EF6A0A5F293C2FBF00A9C07E /* UIImage+TestHelpers.swift */; };
		EF6A0A6A293C2FC200A9C07E /* FeedUIIntegrationTests+Assertions.swift in Sources */ = {isa = PBXBuildFile; fileRef = EF6A0A62293C2FC000A9C07E /* FeedUIIntegrationTests+Assertions.swift */; };
		EF6A0A6B293C2FC200A9C07E /* UIButton+TestHelpers.swift in Sources */ = {isa = PBXBuildFile; fileRef = EF6A0A5D293C2FBF00A9C07E /* UIButton+TestHelpers.swift */; };
		EF6A0A6C293C2FC200A9C07E /* ListViewController+TestHelpers.swift in Sources */ = {isa = PBXBuildFile; fileRef = EF6A0A60293C2FC000A9C07E /* ListViewController+TestHelpers.swift */; };
		EF6A0A6D293C2FC200A9C07E /* FeedUIIntegrationTests+LoaderSpy.swift in Sources */ = {isa = PBXBuildFile; fileRef = EF6A0A63293C2FC100A9C07E /* FeedUIIntegrationTests+LoaderSpy.swift */; };
		EF6A0A70293C2FEB00A9C07E /* FeedUIIntegrationTests.swift in Sources */ = {isa = PBXBuildFile; fileRef = EF6A0A6F293C2FEA00A9C07E /* FeedUIIntegrationTests.swift */; };
		EF93427E295BD8CC004BBE63 /* NullStore.swift in Sources */ = {isa = PBXBuildFile; fileRef = EF93427D295BD8CC004BBE63 /* NullStore.swift */; };
		EF93E7F6293DEE4F0074C96A /* FeedAcceptanceTests.swift in Sources */ = {isa = PBXBuildFile; fileRef = EF93E7F5293DEE4F0074C96A /* FeedAcceptanceTests.swift */; };
		EF93E7F8293E03490074C96A /* HTTPClientStub.swift in Sources */ = {isa = PBXBuildFile; fileRef = EF93E7F7293E03490074C96A /* HTTPClientStub.swift */; };
		EF93E7FA293E04330074C96A /* InMemoryFeedStore.swift in Sources */ = {isa = PBXBuildFile; fileRef = EF93E7F9293E04330074C96A /* InMemoryFeedStore.swift */; };
		EFA13E7F291F972300AF4566 /* AppDelegate.swift in Sources */ = {isa = PBXBuildFile; fileRef = EFA13E7E291F972300AF4566 /* AppDelegate.swift */; };
		EFA13E81291F972300AF4566 /* SceneDelegate.swift in Sources */ = {isa = PBXBuildFile; fileRef = EFA13E80291F972300AF4566 /* SceneDelegate.swift */; };
		EFA13E88291F972600AF4566 /* Assets.xcassets in Resources */ = {isa = PBXBuildFile; fileRef = EFA13E87291F972600AF4566 /* Assets.xcassets */; };
		EFA13E8B291F972600AF4566 /* LaunchScreen.storyboard in Resources */ = {isa = PBXBuildFile; fileRef = EFA13E89291F972600AF4566 /* LaunchScreen.storyboard */; };
		EFB900482962F03C0063AA22 /* EssentialFeed.framework in Frameworks */ = {isa = PBXBuildFile; fileRef = EFA13EAF291F99FB00AF4566 /* EssentialFeed.framework */; };
		EFB900492962F03C0063AA22 /* EssentialFeed.framework in Embed Frameworks */ = {isa = PBXBuildFile; fileRef = EFA13EAF291F99FB00AF4566 /* EssentialFeed.framework */; settings = {ATTRIBUTES = (RemoveHeadersOnCopy, ); }; };
		EFB9004B2962F03E0063AA22 /* EssentialFeediOS.framework in Frameworks */ = {isa = PBXBuildFile; fileRef = EFA13EB0291F99FB00AF4566 /* EssentialFeediOS.framework */; };
		EFB9004C2962F03E0063AA22 /* EssentialFeediOS.framework in Embed Frameworks */ = {isa = PBXBuildFile; fileRef = EFA13EB0291F99FB00AF4566 /* EssentialFeediOS.framework */; settings = {ATTRIBUTES = (RemoveHeadersOnCopy, ); }; };
		EFD842D929220FBC0062917E /* XCTestCase+MemoryLeakTracking.swift in Sources */ = {isa = PBXBuildFile; fileRef = EFD842D829220FBC0062917E /* XCTestCase+MemoryLeakTracking.swift */; };
		EFD842DB292210640062917E /* SharedTestHelpers.swift in Sources */ = {isa = PBXBuildFile; fileRef = EFD842DA292210640062917E /* SharedTestHelpers.swift */; };
		EFE432FC294077F300DB9153 /* UIView+TestHelpers.swift in Sources */ = {isa = PBXBuildFile; fileRef = EFE432FB294077F300DB9153 /* UIView+TestHelpers.swift */; };
/* End PBXBuildFile section */

/* Begin PBXContainerItemProxy section */
		EFA13E92291F972600AF4566 /* PBXContainerItemProxy */ = {
			isa = PBXContainerItemProxy;
			containerPortal = EFA13E73291F972300AF4566 /* Project object */;
			proxyType = 1;
			remoteGlobalIDString = EFA13E7A291F972300AF4566;
			remoteInfo = EssentialApp;
		};
/* End PBXContainerItemProxy section */

/* Begin PBXCopyFilesBuildPhase section */
		EFB9004A2962F03C0063AA22 /* Embed Frameworks */ = {
			isa = PBXCopyFilesBuildPhase;
			buildActionMask = 2147483647;
			dstPath = "";
			dstSubfolderSpec = 10;
			files = (
				EFB900492962F03C0063AA22 /* EssentialFeed.framework in Embed Frameworks */,
				EFB9004C2962F03E0063AA22 /* EssentialFeediOS.framework in Embed Frameworks */,
			);
			name = "Embed Frameworks";
			runOnlyForDeploymentPostprocessing = 0;
		};
/* End PBXCopyFilesBuildPhase section */

/* Begin PBXFileReference section */
		EF10CCD82947389E00DEB4FA /* CombineHelpers.swift */ = {isa = PBXFileReference; lastKnownFileType = sourcecode.swift; path = CombineHelpers.swift; sourceTree = "<group>"; };
		EF39267A2954625D00D8BAFD /* CommentsUIIntegrationTests.swift */ = {isa = PBXFileReference; lastKnownFileType = sourcecode.swift; path = CommentsUIIntegrationTests.swift; sourceTree = "<group>"; };
		EF39267C2954657D00D8BAFD /* CommentsUIComposer.swift */ = {isa = PBXFileReference; lastKnownFileType = sourcecode.swift; path = CommentsUIComposer.swift; sourceTree = "<group>"; };
		EF49FE5B293B78C700AE7C93 /* SceneDelegateTests.swift */ = {isa = PBXFileReference; lastKnownFileType = sourcecode.swift; path = SceneDelegateTests.swift; sourceTree = "<group>"; };
		EF6A0A51293C2F6200A9C07E /* FeedViewAdapter.swift */ = {isa = PBXFileReference; lastKnownFileType = sourcecode.swift; path = FeedViewAdapter.swift; sourceTree = "<group>"; };
		EF6A0A53293C2F6300A9C07E /* WeakRefVirtualProxy.swift */ = {isa = PBXFileReference; lastKnownFileType = sourcecode.swift; path = WeakRefVirtualProxy.swift; sourceTree = "<group>"; };
		EF6A0A54293C2F6300A9C07E /* FeedUIComposer.swift */ = {isa = PBXFileReference; lastKnownFileType = sourcecode.swift; path = FeedUIComposer.swift; sourceTree = "<group>"; };
		EF6A0A55293C2F6400A9C07E /* LoadResourcePresentationAdapter.swift */ = {isa = PBXFileReference; lastKnownFileType = sourcecode.swift; path = LoadResourcePresentationAdapter.swift; sourceTree = "<group>"; };
		EF6A0A5D293C2FBF00A9C07E /* UIButton+TestHelpers.swift */ = {isa = PBXFileReference; lastKnownFileType = sourcecode.swift; path = "UIButton+TestHelpers.swift"; sourceTree = "<group>"; };
		EF6A0A5E293C2FBF00A9C07E /* UIRefreshControl+TestHelpers.swift */ = {isa = PBXFileReference; lastKnownFileType = sourcecode.swift; path = "UIRefreshControl+TestHelpers.swift"; sourceTree = "<group>"; };
		EF6A0A5F293C2FBF00A9C07E /* UIImage+TestHelpers.swift */ = {isa = PBXFileReference; lastKnownFileType = sourcecode.swift; path = "UIImage+TestHelpers.swift"; sourceTree = "<group>"; };
		EF6A0A60293C2FC000A9C07E /* ListViewController+TestHelpers.swift */ = {isa = PBXFileReference; lastKnownFileType = sourcecode.swift; path = "ListViewController+TestHelpers.swift"; sourceTree = "<group>"; };
		EF6A0A61293C2FC000A9C07E /* UIControl+TestHelpers.swift */ = {isa = PBXFileReference; lastKnownFileType = sourcecode.swift; path = "UIControl+TestHelpers.swift"; sourceTree = "<group>"; };
		EF6A0A62293C2FC000A9C07E /* FeedUIIntegrationTests+Assertions.swift */ = {isa = PBXFileReference; lastKnownFileType = sourcecode.swift; path = "FeedUIIntegrationTests+Assertions.swift"; sourceTree = "<group>"; };
		EF6A0A63293C2FC100A9C07E /* FeedUIIntegrationTests+LoaderSpy.swift */ = {isa = PBXFileReference; lastKnownFileType = sourcecode.swift; path = "FeedUIIntegrationTests+LoaderSpy.swift"; sourceTree = "<group>"; };
		EF6A0A64293C2FC100A9C07E /* FeedImageCell+TestHelpers.swift */ = {isa = PBXFileReference; lastKnownFileType = sourcecode.swift; path = "FeedImageCell+TestHelpers.swift"; sourceTree = "<group>"; };
		EF6A0A6F293C2FEA00A9C07E /* FeedUIIntegrationTests.swift */ = {isa = PBXFileReference; lastKnownFileType = sourcecode.swift; path = FeedUIIntegrationTests.swift; sourceTree = "<group>"; };
		EF93427D295BD8CC004BBE63 /* NullStore.swift */ = {isa = PBXFileReference; lastKnownFileType = sourcecode.swift; path = NullStore.swift; sourceTree = "<group>"; };
		EF93E7F5293DEE4F0074C96A /* FeedAcceptanceTests.swift */ = {isa = PBXFileReference; lastKnownFileType = sourcecode.swift; path = FeedAcceptanceTests.swift; sourceTree = "<group>"; };
		EF93E7F7293E03490074C96A /* HTTPClientStub.swift */ = {isa = PBXFileReference; lastKnownFileType = sourcecode.swift; path = HTTPClientStub.swift; sourceTree = "<group>"; };
		EF93E7F9293E04330074C96A /* InMemoryFeedStore.swift */ = {isa = PBXFileReference; lastKnownFileType = sourcecode.swift; path = InMemoryFeedStore.swift; sourceTree = "<group>"; };
		EFA13E7B291F972300AF4566 /* EssentialApp.app */ = {isa = PBXFileReference; explicitFileType = wrapper.application; includeInIndex = 0; path = EssentialApp.app; sourceTree = BUILT_PRODUCTS_DIR; };
		EFA13E7E291F972300AF4566 /* AppDelegate.swift */ = {isa = PBXFileReference; lastKnownFileType = sourcecode.swift; path = AppDelegate.swift; sourceTree = "<group>"; };
		EFA13E80291F972300AF4566 /* SceneDelegate.swift */ = {isa = PBXFileReference; lastKnownFileType = sourcecode.swift; path = SceneDelegate.swift; sourceTree = "<group>"; };
		EFA13E87291F972600AF4566 /* Assets.xcassets */ = {isa = PBXFileReference; lastKnownFileType = folder.assetcatalog; path = Assets.xcassets; sourceTree = "<group>"; };
		EFA13E8A291F972600AF4566 /* Base */ = {isa = PBXFileReference; lastKnownFileType = file.storyboard; name = Base; path = Base.lproj/LaunchScreen.storyboard; sourceTree = "<group>"; };
		EFA13E8C291F972600AF4566 /* Info.plist */ = {isa = PBXFileReference; lastKnownFileType = text.plist.xml; path = Info.plist; sourceTree = "<group>"; };
		EFA13E91291F972600AF4566 /* EssentialAppTests.xctest */ = {isa = PBXFileReference; explicitFileType = wrapper.cfbundle; includeInIndex = 0; path = EssentialAppTests.xctest; sourceTree = BUILT_PRODUCTS_DIR; };
		EFA13EAF291F99FB00AF4566 /* EssentialFeed.framework */ = {isa = PBXFileReference; explicitFileType = wrapper.framework; path = EssentialFeed.framework; sourceTree = BUILT_PRODUCTS_DIR; };
		EFA13EB0291F99FB00AF4566 /* EssentialFeediOS.framework */ = {isa = PBXFileReference; explicitFileType = wrapper.framework; path = EssentialFeediOS.framework; sourceTree = BUILT_PRODUCTS_DIR; };
		EFD842D829220FBC0062917E /* XCTestCase+MemoryLeakTracking.swift */ = {isa = PBXFileReference; lastKnownFileType = sourcecode.swift; path = "XCTestCase+MemoryLeakTracking.swift"; sourceTree = "<group>"; };
		EFD842DA292210640062917E /* SharedTestHelpers.swift */ = {isa = PBXFileReference; lastKnownFileType = sourcecode.swift; path = SharedTestHelpers.swift; sourceTree = "<group>"; };
		EFE432FB294077F300DB9153 /* UIView+TestHelpers.swift */ = {isa = PBXFileReference; lastKnownFileType = sourcecode.swift; path = "UIView+TestHelpers.swift"; sourceTree = "<group>"; };
/* End PBXFileReference section */

/* Begin PBXFrameworksBuildPhase section */
		EFA13E78291F972300AF4566 /* Frameworks */ = {
			isa = PBXFrameworksBuildPhase;
			buildActionMask = 2147483647;
			files = (
				EFB900482962F03C0063AA22 /* EssentialFeed.framework in Frameworks */,
				EFB9004B2962F03E0063AA22 /* EssentialFeediOS.framework in Frameworks */,
			);
			runOnlyForDeploymentPostprocessing = 0;
		};
		EFA13E8E291F972600AF4566 /* Frameworks */ = {
			isa = PBXFrameworksBuildPhase;
			buildActionMask = 2147483647;
			files = (
			);
			runOnlyForDeploymentPostprocessing = 0;
		};
/* End PBXFrameworksBuildPhase section */

/* Begin PBXGroup section */
		EFA13E72291F972300AF4566 = {
			isa = PBXGroup;
			children = (
				EFA13E7D291F972300AF4566 /* EssentialApp */,
				EFA13E94291F972600AF4566 /* EssentialAppTests */,
				EFA13E7C291F972300AF4566 /* Products */,
				EFA13EAE291F99FB00AF4566 /* Frameworks */,
			);
			sourceTree = "<group>";
		};
		EFA13E7C291F972300AF4566 /* Products */ = {
			isa = PBXGroup;
			children = (
				EFA13E7B291F972300AF4566 /* EssentialApp.app */,
				EFA13E91291F972600AF4566 /* EssentialAppTests.xctest */,
			);
			name = Products;
			sourceTree = "<group>";
		};
		EFA13E7D291F972300AF4566 /* EssentialApp */ = {
			isa = PBXGroup;
			children = (
				EFA13E7E291F972300AF4566 /* AppDelegate.swift */,
				EFA13E80291F972300AF4566 /* SceneDelegate.swift */,
				EF93427D295BD8CC004BBE63 /* NullStore.swift */,
				EF10CCD82947389E00DEB4FA /* CombineHelpers.swift */,
				EF39267C2954657D00D8BAFD /* CommentsUIComposer.swift */,
				EF6A0A54293C2F6300A9C07E /* FeedUIComposer.swift */,
				EF6A0A53293C2F6300A9C07E /* WeakRefVirtualProxy.swift */,
				EF6A0A55293C2F6400A9C07E /* LoadResourcePresentationAdapter.swift */,
				EF6A0A51293C2F6200A9C07E /* FeedViewAdapter.swift */,
				EFA13E87291F972600AF4566 /* Assets.xcassets */,
				EFA13E89291F972600AF4566 /* LaunchScreen.storyboard */,
				EFA13E8C291F972600AF4566 /* Info.plist */,
			);
			path = EssentialApp;
			sourceTree = "<group>";
		};
		EFA13E94291F972600AF4566 /* EssentialAppTests */ = {
			isa = PBXGroup;
			children = (
				EFD842D729220FB10062917E /* Helpers */,
				EF49FE5B293B78C700AE7C93 /* SceneDelegateTests.swift */,
				EF39267A2954625D00D8BAFD /* CommentsUIIntegrationTests.swift */,
				EF6A0A6F293C2FEA00A9C07E /* FeedUIIntegrationTests.swift */,
				EF93E7F5293DEE4F0074C96A /* FeedAcceptanceTests.swift */,
			);
			path = EssentialAppTests;
			sourceTree = "<group>";
		};
		EFA13EAE291F99FB00AF4566 /* Frameworks */ = {
			isa = PBXGroup;
			children = (
				EFA13EAF291F99FB00AF4566 /* EssentialFeed.framework */,
				EFA13EB0291F99FB00AF4566 /* EssentialFeediOS.framework */,
			);
			name = Frameworks;
			sourceTree = "<group>";
		};
		EFD842D729220FB10062917E /* Helpers */ = {
			isa = PBXGroup;
			children = (
				EF6A0A5F293C2FBF00A9C07E /* UIImage+TestHelpers.swift */,
				EF6A0A5E293C2FBF00A9C07E /* UIRefreshControl+TestHelpers.swift */,
				EF6A0A5D293C2FBF00A9C07E /* UIButton+TestHelpers.swift */,
				EF6A0A61293C2FC000A9C07E /* UIControl+TestHelpers.swift */,
				EFE432FB294077F300DB9153 /* UIView+TestHelpers.swift */,
				EF6A0A60293C2FC000A9C07E /* ListViewController+TestHelpers.swift */,
				EF6A0A64293C2FC100A9C07E /* FeedImageCell+TestHelpers.swift */,
				EF6A0A63293C2FC100A9C07E /* FeedUIIntegrationTests+LoaderSpy.swift */,
				EF6A0A62293C2FC000A9C07E /* FeedUIIntegrationTests+Assertions.swift */,
				EFD842D829220FBC0062917E /* XCTestCase+MemoryLeakTracking.swift */,
				EFD842DA292210640062917E /* SharedTestHelpers.swift */,
				EF93E7F7293E03490074C96A /* HTTPClientStub.swift */,
				EF93E7F9293E04330074C96A /* InMemoryFeedStore.swift */,
			);
			path = Helpers;
			sourceTree = "<group>";
		};
/* End PBXGroup section */

/* Begin PBXNativeTarget section */
		EFA13E7A291F972300AF4566 /* EssentialApp */ = {
			isa = PBXNativeTarget;
			buildConfigurationList = EFA13EA5291F972600AF4566 /* Build configuration list for PBXNativeTarget "EssentialApp" */;
			buildPhases = (
				EFA13E77291F972300AF4566 /* Sources */,
				EFA13E78291F972300AF4566 /* Frameworks */,
				EFA13E79291F972300AF4566 /* Resources */,
				EFB9004A2962F03C0063AA22 /* Embed Frameworks */,
			);
			buildRules = (
			);
			dependencies = (
			);
			name = EssentialApp;
			productName = EssentialApp;
			productReference = EFA13E7B291F972300AF4566 /* EssentialApp.app */;
			productType = "com.apple.product-type.application";
		};
		EFA13E90291F972600AF4566 /* EssentialAppTests */ = {
			isa = PBXNativeTarget;
			buildConfigurationList = EFA13EA8291F972600AF4566 /* Build configuration list for PBXNativeTarget "EssentialAppTests" */;
			buildPhases = (
				EFA13E8D291F972600AF4566 /* Sources */,
				EFA13E8E291F972600AF4566 /* Frameworks */,
				EFA13E8F291F972600AF4566 /* Resources */,
			);
			buildRules = (
			);
			dependencies = (
				EFA13E93291F972600AF4566 /* PBXTargetDependency */,
			);
			name = EssentialAppTests;
			productName = EssentialAppTests;
			productReference = EFA13E91291F972600AF4566 /* EssentialAppTests.xctest */;
			productType = "com.apple.product-type.bundle.unit-test";
		};
/* End PBXNativeTarget section */

/* Begin PBXProject section */
		EFA13E73291F972300AF4566 /* Project object */ = {
			isa = PBXProject;
			attributes = {
				BuildIndependentTargetsInParallel = 1;
				LastSwiftUpdateCheck = 1410;
				LastUpgradeCheck = 1400;
				TargetAttributes = {
					EFA13E7A291F972300AF4566 = {
						CreatedOnToolsVersion = 14.0.1;
					};
					EFA13E90291F972600AF4566 = {
						CreatedOnToolsVersion = 14.0.1;
						LastSwiftMigration = 1400;
						TestTargetID = EFA13E7A291F972300AF4566;
					};
				};
			};
			buildConfigurationList = EFA13E76291F972300AF4566 /* Build configuration list for PBXProject "EssentialApp" */;
			compatibilityVersion = "Xcode 14.0";
			developmentRegion = en;
			hasScannedForEncodings = 0;
			knownRegions = (
				en,
				Base,
			);
			mainGroup = EFA13E72291F972300AF4566;
			productRefGroup = EFA13E7C291F972300AF4566 /* Products */;
			projectDirPath = "";
			projectRoot = "";
			targets = (
				EFA13E7A291F972300AF4566 /* EssentialApp */,
				EFA13E90291F972600AF4566 /* EssentialAppTests */,
			);
		};
/* End PBXProject section */

/* Begin PBXResourcesBuildPhase section */
		EFA13E79291F972300AF4566 /* Resources */ = {
			isa = PBXResourcesBuildPhase;
			buildActionMask = 2147483647;
			files = (
				EFA13E8B291F972600AF4566 /* LaunchScreen.storyboard in Resources */,
				EFA13E88291F972600AF4566 /* Assets.xcassets in Resources */,
			);
			runOnlyForDeploymentPostprocessing = 0;
		};
		EFA13E8F291F972600AF4566 /* Resources */ = {
			isa = PBXResourcesBuildPhase;
			buildActionMask = 2147483647;
			files = (
			);
			runOnlyForDeploymentPostprocessing = 0;
		};
/* End PBXResourcesBuildPhase section */

/* Begin PBXSourcesBuildPhase section */
		EFA13E77291F972300AF4566 /* Sources */ = {
			isa = PBXSourcesBuildPhase;
			buildActionMask = 2147483647;
			files = (
				EF6A0A5C293C2F6400A9C07E /* FeedViewAdapter.swift in Sources */,
				EF6A0A59293C2F6400A9C07E /* WeakRefVirtualProxy.swift in Sources */,
				EF10CCD92947389E00DEB4FA /* CombineHelpers.swift in Sources */,
				EF93427E295BD8CC004BBE63 /* NullStore.swift in Sources */,
				EF6A0A57293C2F6400A9C07E /* FeedUIComposer.swift in Sources */,
				EFA13E7F291F972300AF4566 /* AppDelegate.swift in Sources */,
				EF6A0A5B293C2F6400A9C07E /* LoadResourcePresentationAdapter.swift in Sources */,
				EFA13E81291F972300AF4566 /* SceneDelegate.swift in Sources */,
				EF39267D2954657D00D8BAFD /* CommentsUIComposer.swift in Sources */,
			);
			runOnlyForDeploymentPostprocessing = 0;
		};
		EFA13E8D291F972600AF4566 /* Sources */ = {
			isa = PBXSourcesBuildPhase;
			buildActionMask = 2147483647;
			files = (
				EF6A0A6A293C2FC200A9C07E /* FeedUIIntegrationTests+Assertions.swift in Sources */,
				EF6A0A6D293C2FC200A9C07E /* FeedUIIntegrationTests+LoaderSpy.swift in Sources */,
				EF39267B2954625D00D8BAFD /* CommentsUIIntegrationTests.swift in Sources */,
				EF6A0A68293C2FC200A9C07E /* UIControl+TestHelpers.swift in Sources */,
				EF6A0A66293C2FC200A9C07E /* UIRefreshControl+TestHelpers.swift in Sources */,
				EF6A0A6C293C2FC200A9C07E /* ListViewController+TestHelpers.swift in Sources */,
				EF49FE5C293B78C700AE7C93 /* SceneDelegateTests.swift in Sources */,
				EF93E7FA293E04330074C96A /* InMemoryFeedStore.swift in Sources */,
				EF6A0A69293C2FC200A9C07E /* UIImage+TestHelpers.swift in Sources */,
				EF93E7F8293E03490074C96A /* HTTPClientStub.swift in Sources */,
				EF6A0A67293C2FC200A9C07E /* FeedImageCell+TestHelpers.swift in Sources */,
				EFE432FC294077F300DB9153 /* UIView+TestHelpers.swift in Sources */,
				EFD842DB292210640062917E /* SharedTestHelpers.swift in Sources */,
				EF93E7F6293DEE4F0074C96A /* FeedAcceptanceTests.swift in Sources */,
				EF6A0A6B293C2FC200A9C07E /* UIButton+TestHelpers.swift in Sources */,
				EF6A0A70293C2FEB00A9C07E /* FeedUIIntegrationTests.swift in Sources */,
				EFD842D929220FBC0062917E /* XCTestCase+MemoryLeakTracking.swift in Sources */,
			);
			runOnlyForDeploymentPostprocessing = 0;
		};
/* End PBXSourcesBuildPhase section */

/* Begin PBXTargetDependency section */
		EFA13E93291F972600AF4566 /* PBXTargetDependency */ = {
			isa = PBXTargetDependency;
			target = EFA13E7A291F972300AF4566 /* EssentialApp */;
			targetProxy = EFA13E92291F972600AF4566 /* PBXContainerItemProxy */;
		};
/* End PBXTargetDependency section */

/* Begin PBXVariantGroup section */
		EFA13E89291F972600AF4566 /* LaunchScreen.storyboard */ = {
			isa = PBXVariantGroup;
			children = (
				EFA13E8A291F972600AF4566 /* Base */,
			);
			name = LaunchScreen.storyboard;
			sourceTree = "<group>";
		};
/* End PBXVariantGroup section */

/* Begin XCBuildConfiguration section */
		EFA13EA3291F972600AF4566 /* Debug */ = {
			isa = XCBuildConfiguration;
			buildSettings = {
				ALWAYS_SEARCH_USER_PATHS = NO;
				CLANG_ANALYZER_NONNULL = YES;
				CLANG_ANALYZER_NUMBER_OBJECT_CONVERSION = YES_AGGRESSIVE;
				CLANG_CXX_LANGUAGE_STANDARD = "gnu++20";
				CLANG_ENABLE_MODULES = YES;
				CLANG_ENABLE_OBJC_ARC = YES;
				CLANG_ENABLE_OBJC_WEAK = YES;
				CLANG_WARN_BLOCK_CAPTURE_AUTORELEASING = YES;
				CLANG_WARN_BOOL_CONVERSION = YES;
				CLANG_WARN_COMMA = YES;
				CLANG_WARN_CONSTANT_CONVERSION = YES;
				CLANG_WARN_DEPRECATED_OBJC_IMPLEMENTATIONS = YES;
				CLANG_WARN_DIRECT_OBJC_ISA_USAGE = YES_ERROR;
				CLANG_WARN_DOCUMENTATION_COMMENTS = YES;
				CLANG_WARN_EMPTY_BODY = YES;
				CLANG_WARN_ENUM_CONVERSION = YES;
				CLANG_WARN_INFINITE_RECURSION = YES;
				CLANG_WARN_INT_CONVERSION = YES;
				CLANG_WARN_NON_LITERAL_NULL_CONVERSION = YES;
				CLANG_WARN_OBJC_IMPLICIT_RETAIN_SELF = YES;
				CLANG_WARN_OBJC_LITERAL_CONVERSION = YES;
				CLANG_WARN_OBJC_ROOT_CLASS = YES_ERROR;
				CLANG_WARN_QUOTED_INCLUDE_IN_FRAMEWORK_HEADER = YES;
				CLANG_WARN_RANGE_LOOP_ANALYSIS = YES;
				CLANG_WARN_STRICT_PROTOTYPES = YES;
				CLANG_WARN_SUSPICIOUS_MOVE = YES;
				CLANG_WARN_UNGUARDED_AVAILABILITY = YES_AGGRESSIVE;
				CLANG_WARN_UNREACHABLE_CODE = YES;
				CLANG_WARN__DUPLICATE_METHOD_MATCH = YES;
				COPY_PHASE_STRIP = NO;
				DEBUG_INFORMATION_FORMAT = dwarf;
				ENABLE_STRICT_OBJC_MSGSEND = YES;
				ENABLE_TESTABILITY = YES;
				GCC_C_LANGUAGE_STANDARD = gnu11;
				GCC_DYNAMIC_NO_PIC = NO;
				GCC_NO_COMMON_BLOCKS = YES;
				GCC_OPTIMIZATION_LEVEL = 0;
				GCC_PREPROCESSOR_DEFINITIONS = (
					"DEBUG=1",
					"$(inherited)",
				);
				GCC_WARN_64_TO_32_BIT_CONVERSION = YES;
				GCC_WARN_ABOUT_RETURN_TYPE = YES_ERROR;
				GCC_WARN_UNDECLARED_SELECTOR = YES;
				GCC_WARN_UNINITIALIZED_AUTOS = YES_AGGRESSIVE;
				GCC_WARN_UNUSED_FUNCTION = YES;
				GCC_WARN_UNUSED_VARIABLE = YES;
				IPHONEOS_DEPLOYMENT_TARGET = 14.0;
				MTL_ENABLE_DEBUG_INFO = INCLUDE_SOURCE;
				MTL_FAST_MATH = YES;
				ONLY_ACTIVE_ARCH = YES;
				SDKROOT = iphoneos;
				SWIFT_ACTIVE_COMPILATION_CONDITIONS = DEBUG;
				SWIFT_OPTIMIZATION_LEVEL = "-Onone";
			};
			name = Debug;
		};
		EFA13EA4291F972600AF4566 /* Release */ = {
			isa = XCBuildConfiguration;
			buildSettings = {
				ALWAYS_SEARCH_USER_PATHS = NO;
				CLANG_ANALYZER_NONNULL = YES;
				CLANG_ANALYZER_NUMBER_OBJECT_CONVERSION = YES_AGGRESSIVE;
				CLANG_CXX_LANGUAGE_STANDARD = "gnu++20";
				CLANG_ENABLE_MODULES = YES;
				CLANG_ENABLE_OBJC_ARC = YES;
				CLANG_ENABLE_OBJC_WEAK = YES;
				CLANG_WARN_BLOCK_CAPTURE_AUTORELEASING = YES;
				CLANG_WARN_BOOL_CONVERSION = YES;
				CLANG_WARN_COMMA = YES;
				CLANG_WARN_CONSTANT_CONVERSION = YES;
				CLANG_WARN_DEPRECATED_OBJC_IMPLEMENTATIONS = YES;
				CLANG_WARN_DIRECT_OBJC_ISA_USAGE = YES_ERROR;
				CLANG_WARN_DOCUMENTATION_COMMENTS = YES;
				CLANG_WARN_EMPTY_BODY = YES;
				CLANG_WARN_ENUM_CONVERSION = YES;
				CLANG_WARN_INFINITE_RECURSION = YES;
				CLANG_WARN_INT_CONVERSION = YES;
				CLANG_WARN_NON_LITERAL_NULL_CONVERSION = YES;
				CLANG_WARN_OBJC_IMPLICIT_RETAIN_SELF = YES;
				CLANG_WARN_OBJC_LITERAL_CONVERSION = YES;
				CLANG_WARN_OBJC_ROOT_CLASS = YES_ERROR;
				CLANG_WARN_QUOTED_INCLUDE_IN_FRAMEWORK_HEADER = YES;
				CLANG_WARN_RANGE_LOOP_ANALYSIS = YES;
				CLANG_WARN_STRICT_PROTOTYPES = YES;
				CLANG_WARN_SUSPICIOUS_MOVE = YES;
				CLANG_WARN_UNGUARDED_AVAILABILITY = YES_AGGRESSIVE;
				CLANG_WARN_UNREACHABLE_CODE = YES;
				CLANG_WARN__DUPLICATE_METHOD_MATCH = YES;
				COPY_PHASE_STRIP = NO;
				DEBUG_INFORMATION_FORMAT = "dwarf-with-dsym";
				ENABLE_NS_ASSERTIONS = NO;
				ENABLE_STRICT_OBJC_MSGSEND = YES;
				GCC_C_LANGUAGE_STANDARD = gnu11;
				GCC_NO_COMMON_BLOCKS = YES;
				GCC_WARN_64_TO_32_BIT_CONVERSION = YES;
				GCC_WARN_ABOUT_RETURN_TYPE = YES_ERROR;
				GCC_WARN_UNDECLARED_SELECTOR = YES;
				GCC_WARN_UNINITIALIZED_AUTOS = YES_AGGRESSIVE;
				GCC_WARN_UNUSED_FUNCTION = YES;
				GCC_WARN_UNUSED_VARIABLE = YES;
				IPHONEOS_DEPLOYMENT_TARGET = 14.0;
				MTL_ENABLE_DEBUG_INFO = NO;
				MTL_FAST_MATH = YES;
				SDKROOT = iphoneos;
				SWIFT_COMPILATION_MODE = wholemodule;
				SWIFT_OPTIMIZATION_LEVEL = "-O";
				VALIDATE_PRODUCT = YES;
			};
			name = Release;
		};
		EFA13EA6291F972600AF4566 /* Debug */ = {
			isa = XCBuildConfiguration;
			buildSettings = {
				ASSETCATALOG_COMPILER_APPICON_NAME = AppIcon;
				ASSETCATALOG_COMPILER_GLOBAL_ACCENT_COLOR_NAME = AccentColor;
				"CODE_SIGN_IDENTITY[sdk=iphoneos*]" = "iPhone Developer";
				CODE_SIGN_STYLE = Manual;
				CURRENT_PROJECT_VERSION = 3;
				DEVELOPMENT_TEAM = "";
				"DEVELOPMENT_TEAM[sdk=iphoneos*]" = P53KJ6MXZH;
				GENERATE_INFOPLIST_FILE = YES;
				INFOPLIST_FILE = EssentialApp/Info.plist;
				INFOPLIST_KEY_CFBundleDisplayName = "My Feed";
				INFOPLIST_KEY_UIApplicationSupportsIndirectInputEvents = YES;
				INFOPLIST_KEY_UILaunchStoryboardName = LaunchScreen;
				INFOPLIST_KEY_UISupportedInterfaceOrientations = UIInterfaceOrientationPortrait;
				INFOPLIST_KEY_UISupportedInterfaceOrientations_iPad = "UIInterfaceOrientationLandscapeLeft UIInterfaceOrientationLandscapeRight UIInterfaceOrientationPortrait UIInterfaceOrientationPortraitUpsideDown";
				IPHONEOS_DEPLOYMENT_TARGET = 14.0;
				LD_RUNPATH_SEARCH_PATHS = (
					"$(inherited)",
					"@executable_path/Frameworks",
				);
				MARKETING_VERSION = 1.0;
				PRODUCT_BUNDLE_IDENTIFIER = id.gits.MyFeed;
				PRODUCT_NAME = "$(TARGET_NAME)";
				PROVISIONING_PROFILE_SPECIFIER = "";
				"PROVISIONING_PROFILE_SPECIFIER[sdk=iphoneos*]" = "GITS MyFeed Dev";
				SWIFT_EMIT_LOC_STRINGS = YES;
				SWIFT_VERSION = 5.0;
				TARGETED_DEVICE_FAMILY = "1,2";
			};
			name = Debug;
		};
		EFA13EA7291F972600AF4566 /* Release */ = {
			isa = XCBuildConfiguration;
			buildSettings = {
				ASSETCATALOG_COMPILER_APPICON_NAME = AppIcon;
				ASSETCATALOG_COMPILER_GLOBAL_ACCENT_COLOR_NAME = AccentColor;
				"CODE_SIGN_IDENTITY[sdk=iphoneos*]" = "iPhone Distribution";
				CODE_SIGN_STYLE = Manual;
				CURRENT_PROJECT_VERSION = 3;
				DEVELOPMENT_TEAM = "";
				"DEVELOPMENT_TEAM[sdk=iphoneos*]" = P53KJ6MXZH;
				GENERATE_INFOPLIST_FILE = YES;
				INFOPLIST_FILE = EssentialApp/Info.plist;
				INFOPLIST_KEY_CFBundleDisplayName = "My Feed";
				INFOPLIST_KEY_UIApplicationSupportsIndirectInputEvents = YES;
				INFOPLIST_KEY_UILaunchStoryboardName = LaunchScreen;
				INFOPLIST_KEY_UISupportedInterfaceOrientations = UIInterfaceOrientationPortrait;
				INFOPLIST_KEY_UISupportedInterfaceOrientations_iPad = "UIInterfaceOrientationLandscapeLeft UIInterfaceOrientationLandscapeRight UIInterfaceOrientationPortrait UIInterfaceOrientationPortraitUpsideDown";
				IPHONEOS_DEPLOYMENT_TARGET = 14.0;
				LD_RUNPATH_SEARCH_PATHS = (
					"$(inherited)",
					"@executable_path/Frameworks",
				);
				MARKETING_VERSION = 1.0;
				PRODUCT_BUNDLE_IDENTIFIER = id.gits.MyFeed;
				PRODUCT_NAME = "$(TARGET_NAME)";
				PROVISIONING_PROFILE_SPECIFIER = "";
				"PROVISIONING_PROFILE_SPECIFIER[sdk=iphoneos*]" = "GITS MyFeed";
				SWIFT_EMIT_LOC_STRINGS = YES;
				SWIFT_VERSION = 5.0;
				TARGETED_DEVICE_FAMILY = "1,2";
			};
			name = Release;
		};
		EFA13EA9291F972600AF4566 /* Debug */ = {
			isa = XCBuildConfiguration;
			buildSettings = {
				ALWAYS_EMBED_SWIFT_STANDARD_LIBRARIES = YES;
				BUNDLE_LOADER = "$(TEST_HOST)";
				CLANG_ENABLE_MODULES = YES;
				CODE_SIGN_STYLE = Manual;
				CURRENT_PROJECT_VERSION = 1;
				DEVELOPMENT_TEAM = "";
				"DEVELOPMENT_TEAM[sdk=iphoneos*]" = P53KJ6MXZH;
				"DEVELOPMENT_TEAM[sdk=macosx*]" = P53KJ6MXZH;
				GENERATE_INFOPLIST_FILE = YES;
				IPHONEOS_DEPLOYMENT_TARGET = 14.0;
				LD_RUNPATH_SEARCH_PATHS = (
					"$(inherited)",
					"@executable_path/Frameworks",
					"@loader_path/Frameworks",
				);
				MARKETING_VERSION = 1.0;
				PRODUCT_BUNDLE_IDENTIFIER = com.intan3951.EssentialAppTests;
				PRODUCT_NAME = "$(TARGET_NAME)";
				PROVISIONING_PROFILE_SPECIFIER = "";
				SWIFT_EMIT_LOC_STRINGS = NO;
				SWIFT_OPTIMIZATION_LEVEL = "-Onone";
				SWIFT_VERSION = 5.0;
				TARGETED_DEVICE_FAMILY = "1,2";
				TEST_HOST = "$(BUILT_PRODUCTS_DIR)/EssentialApp.app/$(BUNDLE_EXECUTABLE_FOLDER_PATH)/EssentialApp";
			};
			name = Debug;
		};
		EFA13EAA291F972600AF4566 /* Release */ = {
			isa = XCBuildConfiguration;
			buildSettings = {
				ALWAYS_EMBED_SWIFT_STANDARD_LIBRARIES = YES;
				BUNDLE_LOADER = "$(TEST_HOST)";
				CLANG_ENABLE_MODULES = YES;
				CODE_SIGN_STYLE = Manual;
				CURRENT_PROJECT_VERSION = 1;
				DEVELOPMENT_TEAM = "";
				"DEVELOPMENT_TEAM[sdk=iphoneos*]" = P53KJ6MXZH;
				"DEVELOPMENT_TEAM[sdk=macosx*]" = P53KJ6MXZH;
				GENERATE_INFOPLIST_FILE = YES;
				IPHONEOS_DEPLOYMENT_TARGET = 14.0;
				LD_RUNPATH_SEARCH_PATHS = (
					"$(inherited)",
					"@executable_path/Frameworks",
					"@loader_path/Frameworks",
				);
				MARKETING_VERSION = 1.0;
				PRODUCT_BUNDLE_IDENTIFIER = com.intan3951.EssentialAppTests;
				PRODUCT_NAME = "$(TARGET_NAME)";
				PROVISIONING_PROFILE_SPECIFIER = "";
				SWIFT_EMIT_LOC_STRINGS = NO;
				SWIFT_VERSION = 5.0;
				TARGETED_DEVICE_FAMILY = "1,2";
				TEST_HOST = "$(BUILT_PRODUCTS_DIR)/EssentialApp.app/$(BUNDLE_EXECUTABLE_FOLDER_PATH)/EssentialApp";
			};
			name = Release;
		};
/* End XCBuildConfiguration section */

/* Begin XCConfigurationList section */
		EFA13E76291F972300AF4566 /* Build configuration list for PBXProject "EssentialApp" */ = {
			isa = XCConfigurationList;
			buildConfigurations = (
				EFA13EA3291F972600AF4566 /* Debug */,
				EFA13EA4291F972600AF4566 /* Release */,
			);
			defaultConfigurationIsVisible = 0;
			defaultConfigurationName = Release;
		};
		EFA13EA5291F972600AF4566 /* Build configuration list for PBXNativeTarget "EssentialApp" */ = {
			isa = XCConfigurationList;
			buildConfigurations = (
				EFA13EA6291F972600AF4566 /* Debug */,
				EFA13EA7291F972600AF4566 /* Release */,
			);
			defaultConfigurationIsVisible = 0;
			defaultConfigurationName = Release;
		};
		EFA13EA8291F972600AF4566 /* Build configuration list for PBXNativeTarget "EssentialAppTests" */ = {
			isa = XCConfigurationList;
			buildConfigurations = (
				EFA13EA9291F972600AF4566 /* Debug */,
				EFA13EAA291F972600AF4566 /* Release */,
			);
			defaultConfigurationIsVisible = 0;
			defaultConfigurationName = Release;
		};
/* End XCConfigurationList section */
	};
	rootObject = EFA13E73291F972300AF4566 /* Project object */;
}
